// !$*UTF8*$!
{
	archiveVersion = 1;
	classes = {
	};
	objectVersion = 55;
	objects = {

/* Begin PBXBuildFile section */
		9C97A78B04E899D0138D5AB5 /* Pods_PokemonWorld.framework in Frameworks */ = {isa = PBXBuildFile; fileRef = 505DEB3DD2538741070D3609 /* Pods_PokemonWorld.framework */; };
		F834418F2745185900E90EAD /* Staging.xcconfig in Resources */ = {isa = PBXBuildFile; fileRef = F834418D2745185900E90EAD /* Staging.xcconfig */; };
		F83441902745185900E90EAD /* Production.xcconfig in Resources */ = {isa = PBXBuildFile; fileRef = F834418E2745185900E90EAD /* Production.xcconfig */; };
		F84D975E273974000019A176 /* UIView+extensions.swift in Sources */ = {isa = PBXBuildFile; fileRef = F84D975C273974000019A176 /* UIView+extensions.swift */; };
		F84D975F273974000019A176 /* UITableView+deselectRow.swift in Sources */ = {isa = PBXBuildFile; fileRef = F84D975D273974000019A176 /* UITableView+deselectRow.swift */; };
		F84D9764273974120019A176 /* AlertController.swift in Sources */ = {isa = PBXBuildFile; fileRef = F84D9761273974120019A176 /* AlertController.swift */; };
		F84D9765273974120019A176 /* Alertable.swift in Sources */ = {isa = PBXBuildFile; fileRef = F84D9762273974120019A176 /* Alertable.swift */; };
		F84D9766273974120019A176 /* Loadable.swift in Sources */ = {isa = PBXBuildFile; fileRef = F84D9763273974120019A176 /* Loadable.swift */; };
		F84D976A273974220019A176 /* LoadingView.swift in Sources */ = {isa = PBXBuildFile; fileRef = F84D9768273974220019A176 /* LoadingView.swift */; };
		F84D976B273974220019A176 /* LoadingView.xib in Resources */ = {isa = PBXBuildFile; fileRef = F84D9769273974220019A176 /* LoadingView.xib */; };
		F8710C25273BBC5E00C6DB42 /* DetailPresenter.swift in Sources */ = {isa = PBXBuildFile; fileRef = F8710C1E273BBC5E00C6DB42 /* DetailPresenter.swift */; };
		F8710C26273BBC5E00C6DB42 /* DetailViewController.swift in Sources */ = {isa = PBXBuildFile; fileRef = F8710C1F273BBC5E00C6DB42 /* DetailViewController.swift */; };
		F8710C28273BBC5E00C6DB42 /* DetailInteractor.swift in Sources */ = {isa = PBXBuildFile; fileRef = F8710C21273BBC5E00C6DB42 /* DetailInteractor.swift */; };
		F8710C2B273BBC5E00C6DB42 /* DetailWireframe.swift in Sources */ = {isa = PBXBuildFile; fileRef = F8710C24273BBC5E00C6DB42 /* DetailWireframe.swift */; };
		F8710C2F273BC1C100C6DB42 /* DetailViewController.xib in Resources */ = {isa = PBXBuildFile; fileRef = F8710C2E273BC1C100C6DB42 /* DetailViewController.xib */; };
		F88A64DA273552B4004B12AB /* AppDelegate.swift in Sources */ = {isa = PBXBuildFile; fileRef = F88A64D9273552B4004B12AB /* AppDelegate.swift */; };
		F88A64E6273552B5004B12AB /* LaunchScreen.storyboard in Resources */ = {isa = PBXBuildFile; fileRef = F88A64E4273552B5004B12AB /* LaunchScreen.storyboard */; };
		F88A64F1273552B5004B12AB /* PokemonWorldTests.swift in Sources */ = {isa = PBXBuildFile; fileRef = F88A64F0273552B5004B12AB /* PokemonWorldTests.swift */; };
		F88A64FB273552B5004B12AB /* PokemonWorldUITests.swift in Sources */ = {isa = PBXBuildFile; fileRef = F88A64FA273552B5004B12AB /* PokemonWorldUITests.swift */; };
		F88A64FD273552B5004B12AB /* PokemonWorldUITestsLaunchTests.swift in Sources */ = {isa = PBXBuildFile; fileRef = F88A64FC273552B5004B12AB /* PokemonWorldUITestsLaunchTests.swift */; };
		F8AA8F37273ADBA4003A47A4 /* PokemonCollectionViewCell.swift in Sources */ = {isa = PBXBuildFile; fileRef = F8AA8F35273ADBA4003A47A4 /* PokemonCollectionViewCell.swift */; };
		F8AA8F38273ADBA4003A47A4 /* PokemonCollectionViewCell.xib in Resources */ = {isa = PBXBuildFile; fileRef = F8AA8F36273ADBA4003A47A4 /* PokemonCollectionViewCell.xib */; };
		F8AA8F3B273ADDAB003A47A4 /* Kingfisher in Frameworks */ = {isa = PBXBuildFile; productRef = F8AA8F3A273ADDAB003A47A4 /* Kingfisher */; };
		F8B6C0CF273942F500191204 /* ListInteractor.swift in Sources */ = {isa = PBXBuildFile; fileRef = F8B6C0CA273942F400191204 /* ListInteractor.swift */; };
		F8B6C0D0273942F500191204 /* ListWireframe.swift in Sources */ = {isa = PBXBuildFile; fileRef = F8B6C0CB273942F400191204 /* ListWireframe.swift */; };
		F8B6C0D1273942F500191204 /* ListPresenter.swift in Sources */ = {isa = PBXBuildFile; fileRef = F8B6C0CC273942F400191204 /* ListPresenter.swift */; };
		F8B6C0D2273942F500191204 /* ListViewController.swift in Sources */ = {isa = PBXBuildFile; fileRef = F8B6C0CD273942F400191204 /* ListViewController.swift */; };
		F8B6C0D3273942F500191204 /* ListViewController.xib in Resources */ = {isa = PBXBuildFile; fileRef = F8B6C0CE273942F400191204 /* ListViewController.xib */; };
		F8CA643C273AF75A00E4DDFA /* Assets.xcassets in Resources */ = {isa = PBXBuildFile; fileRef = F8CA643B273AF75A00E4DDFA /* Assets.xcassets */; };
		F8D1233F2739590E007FC2D7 /* UIView+loadingView.swift in Sources */ = {isa = PBXBuildFile; fileRef = F8D1233E2739590E007FC2D7 /* UIView+loadingView.swift */; };
/* End PBXBuildFile section */

/* Begin PBXContainerItemProxy section */
		F88A64ED273552B5004B12AB /* PBXContainerItemProxy */ = {
			isa = PBXContainerItemProxy;
			containerPortal = F88A64CE273552B4004B12AB /* Project object */;
			proxyType = 1;
			remoteGlobalIDString = F88A64D5273552B4004B12AB;
			remoteInfo = PokemonWorld;
		};
		F88A64F7273552B5004B12AB /* PBXContainerItemProxy */ = {
			isa = PBXContainerItemProxy;
			containerPortal = F88A64CE273552B4004B12AB /* Project object */;
			proxyType = 1;
			remoteGlobalIDString = F88A64D5273552B4004B12AB;
			remoteInfo = PokemonWorld;
		};
/* End PBXContainerItemProxy section */

/* Begin PBXFileReference section */
		1BD317B0416A4C3521ED56A9 /* Pods-PokemonWorld.release - staging.xcconfig */ = {isa = PBXFileReference; includeInIndex = 1; lastKnownFileType = text.xcconfig; name = "Pods-PokemonWorld.release - staging.xcconfig"; path = "Target Support Files/Pods-PokemonWorld/Pods-PokemonWorld.release - staging.xcconfig"; sourceTree = "<group>"; };
		505DEB3DD2538741070D3609 /* Pods_PokemonWorld.framework */ = {isa = PBXFileReference; explicitFileType = wrapper.framework; includeInIndex = 0; path = Pods_PokemonWorld.framework; sourceTree = BUILT_PRODUCTS_DIR; };
		982C4011627640E064487FE8 /* Pods-PokemonWorld.release - production.xcconfig */ = {isa = PBXFileReference; includeInIndex = 1; lastKnownFileType = text.xcconfig; name = "Pods-PokemonWorld.release - production.xcconfig"; path = "Target Support Files/Pods-PokemonWorld/Pods-PokemonWorld.release - production.xcconfig"; sourceTree = "<group>"; };
		9B764685E453A77FC8D56664 /* Pods-PokemonWorld.debug.xcconfig */ = {isa = PBXFileReference; includeInIndex = 1; lastKnownFileType = text.xcconfig; name = "Pods-PokemonWorld.debug.xcconfig"; path = "Target Support Files/Pods-PokemonWorld/Pods-PokemonWorld.debug.xcconfig"; sourceTree = "<group>"; };
		B0806D0FDC8ABD51ACC8D90F /* Pods-PokemonWorld.debug - staging.xcconfig */ = {isa = PBXFileReference; includeInIndex = 1; lastKnownFileType = text.xcconfig; name = "Pods-PokemonWorld.debug - staging.xcconfig"; path = "Target Support Files/Pods-PokemonWorld/Pods-PokemonWorld.debug - staging.xcconfig"; sourceTree = "<group>"; };
		B12BC23553E9C74B690DAE29 /* Pods-PokemonWorld.release.xcconfig */ = {isa = PBXFileReference; includeInIndex = 1; lastKnownFileType = text.xcconfig; name = "Pods-PokemonWorld.release.xcconfig"; path = "Target Support Files/Pods-PokemonWorld/Pods-PokemonWorld.release.xcconfig"; sourceTree = "<group>"; };
		B3EA39FBF4771A780380EE57 /* Pods-PokemonWorld.debug - production.xcconfig */ = {isa = PBXFileReference; includeInIndex = 1; lastKnownFileType = text.xcconfig; name = "Pods-PokemonWorld.debug - production.xcconfig"; path = "Target Support Files/Pods-PokemonWorld/Pods-PokemonWorld.debug - production.xcconfig"; sourceTree = "<group>"; };
		F834418D2745185900E90EAD /* Staging.xcconfig */ = {isa = PBXFileReference; fileEncoding = 4; lastKnownFileType = text.xcconfig; path = Staging.xcconfig; sourceTree = "<group>"; };
		F834418E2745185900E90EAD /* Production.xcconfig */ = {isa = PBXFileReference; fileEncoding = 4; lastKnownFileType = text.xcconfig; path = Production.xcconfig; sourceTree = "<group>"; };
		F84D975C273974000019A176 /* UIView+extensions.swift */ = {isa = PBXFileReference; fileEncoding = 4; lastKnownFileType = sourcecode.swift; path = "UIView+extensions.swift"; sourceTree = "<group>"; };
		F84D975D273974000019A176 /* UITableView+deselectRow.swift */ = {isa = PBXFileReference; fileEncoding = 4; lastKnownFileType = sourcecode.swift; path = "UITableView+deselectRow.swift"; sourceTree = "<group>"; };
		F84D9761273974120019A176 /* AlertController.swift */ = {isa = PBXFileReference; fileEncoding = 4; lastKnownFileType = sourcecode.swift; path = AlertController.swift; sourceTree = "<group>"; };
		F84D9762273974120019A176 /* Alertable.swift */ = {isa = PBXFileReference; fileEncoding = 4; lastKnownFileType = sourcecode.swift; path = Alertable.swift; sourceTree = "<group>"; };
		F84D9763273974120019A176 /* Loadable.swift */ = {isa = PBXFileReference; fileEncoding = 4; lastKnownFileType = sourcecode.swift; path = Loadable.swift; sourceTree = "<group>"; };
		F84D9768273974220019A176 /* LoadingView.swift */ = {isa = PBXFileReference; fileEncoding = 4; lastKnownFileType = sourcecode.swift; path = LoadingView.swift; sourceTree = "<group>"; };
		F84D9769273974220019A176 /* LoadingView.xib */ = {isa = PBXFileReference; fileEncoding = 4; lastKnownFileType = file.xib; path = LoadingView.xib; sourceTree = "<group>"; };
		F8710C1E273BBC5E00C6DB42 /* DetailPresenter.swift */ = {isa = PBXFileReference; lastKnownFileType = sourcecode.swift; path = DetailPresenter.swift; sourceTree = "<group>"; };
		F8710C1F273BBC5E00C6DB42 /* DetailViewController.swift */ = {isa = PBXFileReference; lastKnownFileType = sourcecode.swift; path = DetailViewController.swift; sourceTree = "<group>"; };
		F8710C21273BBC5E00C6DB42 /* DetailInteractor.swift */ = {isa = PBXFileReference; lastKnownFileType = sourcecode.swift; path = DetailInteractor.swift; sourceTree = "<group>"; };
		F8710C24273BBC5E00C6DB42 /* DetailWireframe.swift */ = {isa = PBXFileReference; lastKnownFileType = sourcecode.swift; path = DetailWireframe.swift; sourceTree = "<group>"; };
		F8710C2E273BC1C100C6DB42 /* DetailViewController.xib */ = {isa = PBXFileReference; lastKnownFileType = file.xib; path = DetailViewController.xib; sourceTree = "<group>"; };
		F88A64D6273552B4004B12AB /* PokemonWorld.app */ = {isa = PBXFileReference; explicitFileType = wrapper.application; includeInIndex = 0; path = PokemonWorld.app; sourceTree = BUILT_PRODUCTS_DIR; };
		F88A64D9273552B4004B12AB /* AppDelegate.swift */ = {isa = PBXFileReference; lastKnownFileType = sourcecode.swift; path = AppDelegate.swift; sourceTree = "<group>"; };
		F88A64E5273552B5004B12AB /* Base */ = {isa = PBXFileReference; lastKnownFileType = file.storyboard; name = Base; path = Base.lproj/LaunchScreen.storyboard; sourceTree = "<group>"; };
		F88A64E7273552B5004B12AB /* Info.plist */ = {isa = PBXFileReference; lastKnownFileType = text.plist.xml; path = Info.plist; sourceTree = "<group>"; };
		F88A64EC273552B5004B12AB /* PokemonWorldTests.xctest */ = {isa = PBXFileReference; explicitFileType = wrapper.cfbundle; includeInIndex = 0; path = PokemonWorldTests.xctest; sourceTree = BUILT_PRODUCTS_DIR; };
		F88A64F0273552B5004B12AB /* PokemonWorldTests.swift */ = {isa = PBXFileReference; lastKnownFileType = sourcecode.swift; path = PokemonWorldTests.swift; sourceTree = "<group>"; };
		F88A64F6273552B5004B12AB /* PokemonWorldUITests.xctest */ = {isa = PBXFileReference; explicitFileType = wrapper.cfbundle; includeInIndex = 0; path = PokemonWorldUITests.xctest; sourceTree = BUILT_PRODUCTS_DIR; };
		F88A64FA273552B5004B12AB /* PokemonWorldUITests.swift */ = {isa = PBXFileReference; lastKnownFileType = sourcecode.swift; path = PokemonWorldUITests.swift; sourceTree = "<group>"; };
		F88A64FC273552B5004B12AB /* PokemonWorldUITestsLaunchTests.swift */ = {isa = PBXFileReference; lastKnownFileType = sourcecode.swift; path = PokemonWorldUITestsLaunchTests.swift; sourceTree = "<group>"; };
		F8AA8F35273ADBA4003A47A4 /* PokemonCollectionViewCell.swift */ = {isa = PBXFileReference; lastKnownFileType = sourcecode.swift; path = PokemonCollectionViewCell.swift; sourceTree = "<group>"; };
		F8AA8F36273ADBA4003A47A4 /* PokemonCollectionViewCell.xib */ = {isa = PBXFileReference; lastKnownFileType = file.xib; path = PokemonCollectionViewCell.xib; sourceTree = "<group>"; };
		F8B6C0CA273942F400191204 /* ListInteractor.swift */ = {isa = PBXFileReference; fileEncoding = 4; lastKnownFileType = sourcecode.swift; path = ListInteractor.swift; sourceTree = "<group>"; };
		F8B6C0CB273942F400191204 /* ListWireframe.swift */ = {isa = PBXFileReference; fileEncoding = 4; lastKnownFileType = sourcecode.swift; path = ListWireframe.swift; sourceTree = "<group>"; };
		F8B6C0CC273942F400191204 /* ListPresenter.swift */ = {isa = PBXFileReference; fileEncoding = 4; lastKnownFileType = sourcecode.swift; path = ListPresenter.swift; sourceTree = "<group>"; };
		F8B6C0CD273942F400191204 /* ListViewController.swift */ = {isa = PBXFileReference; fileEncoding = 4; lastKnownFileType = sourcecode.swift; path = ListViewController.swift; sourceTree = "<group>"; };
		F8B6C0CE273942F400191204 /* ListViewController.xib */ = {isa = PBXFileReference; fileEncoding = 4; lastKnownFileType = file.xib; path = ListViewController.xib; sourceTree = "<group>"; };
		F8CA643B273AF75A00E4DDFA /* Assets.xcassets */ = {isa = PBXFileReference; lastKnownFileType = folder.assetcatalog; path = Assets.xcassets; sourceTree = "<group>"; };
		F8D1233E2739590E007FC2D7 /* UIView+loadingView.swift */ = {isa = PBXFileReference; lastKnownFileType = sourcecode.swift; path = "UIView+loadingView.swift"; sourceTree = "<group>"; };
/* End PBXFileReference section */

/* Begin PBXFrameworksBuildPhase section */
		F88A64D3273552B4004B12AB /* Frameworks */ = {
			isa = PBXFrameworksBuildPhase;
			buildActionMask = 2147483647;
			files = (
				F8AA8F3B273ADDAB003A47A4 /* Kingfisher in Frameworks */,
				9C97A78B04E899D0138D5AB5 /* Pods_PokemonWorld.framework in Frameworks */,
			);
			runOnlyForDeploymentPostprocessing = 0;
		};
		F88A64E9273552B5004B12AB /* Frameworks */ = {
			isa = PBXFrameworksBuildPhase;
			buildActionMask = 2147483647;
			files = (
			);
			runOnlyForDeploymentPostprocessing = 0;
		};
		F88A64F3273552B5004B12AB /* Frameworks */ = {
			isa = PBXFrameworksBuildPhase;
			buildActionMask = 2147483647;
			files = (
			);
			runOnlyForDeploymentPostprocessing = 0;
		};
/* End PBXFrameworksBuildPhase section */

/* Begin PBXGroup section */
		74F8E3955A9C43A04054B80F /* Pods */ = {
			isa = PBXGroup;
			children = (
				9B764685E453A77FC8D56664 /* Pods-PokemonWorld.debug.xcconfig */,
				B12BC23553E9C74B690DAE29 /* Pods-PokemonWorld.release.xcconfig */,
				B0806D0FDC8ABD51ACC8D90F /* Pods-PokemonWorld.debug - staging.xcconfig */,
				B3EA39FBF4771A780380EE57 /* Pods-PokemonWorld.debug - production.xcconfig */,
				982C4011627640E064487FE8 /* Pods-PokemonWorld.release - production.xcconfig */,
				1BD317B0416A4C3521ED56A9 /* Pods-PokemonWorld.release - staging.xcconfig */,
			);
			name = Pods;
			path = ../Pods;
			sourceTree = "<group>";
		};
		A241BFCA0323471E5DAF78E4 /* Frameworks */ = {
			isa = PBXGroup;
			children = (
				505DEB3DD2538741070D3609 /* Pods_PokemonWorld.framework */,
			);
			name = Frameworks;
			sourceTree = "<group>";
		};
		F834418C2745184B00E90EAD /* Configurations */ = {
			isa = PBXGroup;
			children = (
				F834418D2745185900E90EAD /* Staging.xcconfig */,
				F834418E2745185900E90EAD /* Production.xcconfig */,
			);
			path = Configurations;
			sourceTree = "<group>";
		};
		F84D975B273973F90019A176 /* UIKit+extensions */ = {
			isa = PBXGroup;
			children = (
				F84D975D273974000019A176 /* UITableView+deselectRow.swift */,
				F84D975C273974000019A176 /* UIView+extensions.swift */,
				F8D1233E2739590E007FC2D7 /* UIView+loadingView.swift */,
			);
			path = "UIKit+extensions";
			sourceTree = "<group>";
		};
		F84D9760273974080019A176 /* Views */ = {
			isa = PBXGroup;
			children = (
				F84D9762273974120019A176 /* Alertable.swift */,
				F84D9761273974120019A176 /* AlertController.swift */,
				F84D9763273974120019A176 /* Loadable.swift */,
				F84D9767273974180019A176 /* LoadingView */,
			);
			path = Views;
			sourceTree = "<group>";
		};
		F84D9767273974180019A176 /* LoadingView */ = {
			isa = PBXGroup;
			children = (
				F84D9768273974220019A176 /* LoadingView.swift */,
				F84D9769273974220019A176 /* LoadingView.xib */,
			);
			path = LoadingView;
			sourceTree = "<group>";
		};
		F84D976C2739752B0019A176 /* Scenes */ = {
			isa = PBXGroup;
			children = (
				F8710C1D273BBC2B00C6DB42 /* DetailScene */,
				F8B6C0C9273942E100191204 /* ListScene */,
			);
			path = Scenes;
			sourceTree = "<group>";
		};
		F84D9771273AD2A90019A176 /* Views */ = {
			isa = PBXGroup;
			children = (
				F8AA8F35273ADBA4003A47A4 /* PokemonCollectionViewCell.swift */,
				F8AA8F36273ADBA4003A47A4 /* PokemonCollectionViewCell.xib */,
			);
			path = Views;
			sourceTree = "<group>";
		};
		F8710C1D273BBC2B00C6DB42 /* DetailScene */ = {
			isa = PBXGroup;
			children = (
				F8710C24273BBC5E00C6DB42 /* DetailWireframe.swift */,
				F8710C21273BBC5E00C6DB42 /* DetailInteractor.swift */,
				F8710C1E273BBC5E00C6DB42 /* DetailPresenter.swift */,
				F8710C1F273BBC5E00C6DB42 /* DetailViewController.swift */,
				F8710C2E273BC1C100C6DB42 /* DetailViewController.xib */,
			);
			path = DetailScene;
			sourceTree = "<group>";
		};
		F88A64CD273552B4004B12AB = {
			isa = PBXGroup;
			children = (
				F88A64D8273552B4004B12AB /* PokemonWorld */,
				F88A64EF273552B5004B12AB /* PokemonWorldTests */,
				F88A64F9273552B5004B12AB /* PokemonWorldUITests */,
				F88A64D7273552B4004B12AB /* Products */,
				74F8E3955A9C43A04054B80F /* Pods */,
				A241BFCA0323471E5DAF78E4 /* Frameworks */,
			);
			sourceTree = "<group>";
		};
		F88A64D7273552B4004B12AB /* Products */ = {
			isa = PBXGroup;
			children = (
				F88A64D6273552B4004B12AB /* PokemonWorld.app */,
				F88A64EC273552B5004B12AB /* PokemonWorldTests.xctest */,
				F88A64F6273552B5004B12AB /* PokemonWorldUITests.xctest */,
			);
			name = Products;
			sourceTree = "<group>";
		};
		F88A64D8273552B4004B12AB /* PokemonWorld */ = {
			isa = PBXGroup;
			children = (
				F834418C2745184B00E90EAD /* Configurations */,
				F8B6C0FF273946EA00191204 /* App */,
				F84D976C2739752B0019A176 /* Scenes */,
				F84D9760273974080019A176 /* Views */,
				F84D975B273973F90019A176 /* UIKit+extensions */,
				F8B6C100273946F900191204 /* Resources */,
			);
			path = PokemonWorld;
			sourceTree = "<group>";
		};
		F88A64EF273552B5004B12AB /* PokemonWorldTests */ = {
			isa = PBXGroup;
			children = (
				F88A64F0273552B5004B12AB /* PokemonWorldTests.swift */,
			);
			path = PokemonWorldTests;
			sourceTree = "<group>";
		};
		F88A64F9273552B5004B12AB /* PokemonWorldUITests */ = {
			isa = PBXGroup;
			children = (
				F88A64FA273552B5004B12AB /* PokemonWorldUITests.swift */,
				F88A64FC273552B5004B12AB /* PokemonWorldUITestsLaunchTests.swift */,
			);
			path = PokemonWorldUITests;
			sourceTree = "<group>";
		};
		F8B6C0C9273942E100191204 /* ListScene */ = {
			isa = PBXGroup;
			children = (
				F84D9771273AD2A90019A176 /* Views */,
				F8B6C0CB273942F400191204 /* ListWireframe.swift */,
				F8B6C0CA273942F400191204 /* ListInteractor.swift */,
				F8B6C0CC273942F400191204 /* ListPresenter.swift */,
				F8B6C0CD273942F400191204 /* ListViewController.swift */,
				F8B6C0CE273942F400191204 /* ListViewController.xib */,
			);
			path = ListScene;
			sourceTree = "<group>";
		};
		F8B6C0FF273946EA00191204 /* App */ = {
			isa = PBXGroup;
			children = (
				F88A64E4273552B5004B12AB /* LaunchScreen.storyboard */,
				F88A64D9273552B4004B12AB /* AppDelegate.swift */,
			);
			path = App;
			sourceTree = "<group>";
		};
		F8B6C100273946F900191204 /* Resources */ = {
			isa = PBXGroup;
			children = (
				F8CA643B273AF75A00E4DDFA /* Assets.xcassets */,
				F88A64E7273552B5004B12AB /* Info.plist */,
			);
			name = Resources;
			sourceTree = "<group>";
		};
/* End PBXGroup section */

/* Begin PBXNativeTarget section */
		F88A64D5273552B4004B12AB /* PokemonWorld */ = {
			isa = PBXNativeTarget;
			buildConfigurationList = F88A6500273552B5004B12AB /* Build configuration list for PBXNativeTarget "PokemonWorld" */;
			buildPhases = (
				C277F79AC512F914285DC85F /* [CP] Check Pods Manifest.lock */,
				F88A64D2273552B4004B12AB /* Sources */,
				F88A64D3273552B4004B12AB /* Frameworks */,
				F88A64D4273552B4004B12AB /* Resources */,
				3FD018ED1F6699C1D9F6A724 /* [CP] Copy Pods Resources */,
			);
			buildRules = (
			);
			dependencies = (
			);
			name = PokemonWorld;
			packageProductDependencies = (
				F8AA8F3A273ADDAB003A47A4 /* Kingfisher */,
			);
			productName = PokemonWorld;
			productReference = F88A64D6273552B4004B12AB /* PokemonWorld.app */;
			productType = "com.apple.product-type.application";
		};
		F88A64EB273552B5004B12AB /* PokemonWorldTests */ = {
			isa = PBXNativeTarget;
			buildConfigurationList = F88A6503273552B5004B12AB /* Build configuration list for PBXNativeTarget "PokemonWorldTests" */;
			buildPhases = (
				F88A64E8273552B5004B12AB /* Sources */,
				F88A64E9273552B5004B12AB /* Frameworks */,
				F88A64EA273552B5004B12AB /* Resources */,
			);
			buildRules = (
			);
			dependencies = (
				F88A64EE273552B5004B12AB /* PBXTargetDependency */,
			);
			name = PokemonWorldTests;
			productName = PokemonWorldTests;
			productReference = F88A64EC273552B5004B12AB /* PokemonWorldTests.xctest */;
			productType = "com.apple.product-type.bundle.unit-test";
		};
		F88A64F5273552B5004B12AB /* PokemonWorldUITests */ = {
			isa = PBXNativeTarget;
			buildConfigurationList = F88A6506273552B5004B12AB /* Build configuration list for PBXNativeTarget "PokemonWorldUITests" */;
			buildPhases = (
				F88A64F2273552B5004B12AB /* Sources */,
				F88A64F3273552B5004B12AB /* Frameworks */,
				F88A64F4273552B5004B12AB /* Resources */,
			);
			buildRules = (
			);
			dependencies = (
				F88A64F8273552B5004B12AB /* PBXTargetDependency */,
			);
			name = PokemonWorldUITests;
			productName = PokemonWorldUITests;
			productReference = F88A64F6273552B5004B12AB /* PokemonWorldUITests.xctest */;
			productType = "com.apple.product-type.bundle.ui-testing";
		};
/* End PBXNativeTarget section */

/* Begin PBXProject section */
		F88A64CE273552B4004B12AB /* Project object */ = {
			isa = PBXProject;
			attributes = {
				BuildIndependentTargetsInParallel = 1;
				LastSwiftUpdateCheck = 1310;
				LastUpgradeCheck = 1310;
				TargetAttributes = {
					F88A64D5273552B4004B12AB = {
						CreatedOnToolsVersion = 13.1;
					};
					F88A64EB273552B5004B12AB = {
						CreatedOnToolsVersion = 13.1;
						TestTargetID = F88A64D5273552B4004B12AB;
					};
					F88A64F5273552B5004B12AB = {
						CreatedOnToolsVersion = 13.1;
						TestTargetID = F88A64D5273552B4004B12AB;
					};
				};
			};
			buildConfigurationList = F88A64D1273552B4004B12AB /* Build configuration list for PBXProject "PokemonWorld" */;
			compatibilityVersion = "Xcode 13.0";
			developmentRegion = en;
			hasScannedForEncodings = 0;
			knownRegions = (
				en,
				Base,
			);
			mainGroup = F88A64CD273552B4004B12AB;
			packageReferences = (
				F8AA8F39273ADDAB003A47A4 /* XCRemoteSwiftPackageReference "Kingfisher" */,
			);
			productRefGroup = F88A64D7273552B4004B12AB /* Products */;
			projectDirPath = "";
			projectRoot = "";
			targets = (
				F88A64D5273552B4004B12AB /* PokemonWorld */,
				F88A64EB273552B5004B12AB /* PokemonWorldTests */,
				F88A64F5273552B5004B12AB /* PokemonWorldUITests */,
			);
		};
/* End PBXProject section */

/* Begin PBXResourcesBuildPhase section */
		F88A64D4273552B4004B12AB /* Resources */ = {
			isa = PBXResourcesBuildPhase;
			buildActionMask = 2147483647;
			files = (
				F88A64E6273552B5004B12AB /* LaunchScreen.storyboard in Resources */,
				F83441902745185900E90EAD /* Production.xcconfig in Resources */,
				F8710C2F273BC1C100C6DB42 /* DetailViewController.xib in Resources */,
				F84D976B273974220019A176 /* LoadingView.xib in Resources */,
				F8AA8F38273ADBA4003A47A4 /* PokemonCollectionViewCell.xib in Resources */,
				F834418F2745185900E90EAD /* Staging.xcconfig in Resources */,
				F8B6C0D3273942F500191204 /* ListViewController.xib in Resources */,
				F8CA643C273AF75A00E4DDFA /* Assets.xcassets in Resources */,
			);
			runOnlyForDeploymentPostprocessing = 0;
		};
		F88A64EA273552B5004B12AB /* Resources */ = {
			isa = PBXResourcesBuildPhase;
			buildActionMask = 2147483647;
			files = (
			);
			runOnlyForDeploymentPostprocessing = 0;
		};
		F88A64F4273552B5004B12AB /* Resources */ = {
			isa = PBXResourcesBuildPhase;
			buildActionMask = 2147483647;
			files = (
			);
			runOnlyForDeploymentPostprocessing = 0;
		};
/* End PBXResourcesBuildPhase section */

/* Begin PBXShellScriptBuildPhase section */
		3FD018ED1F6699C1D9F6A724 /* [CP] Copy Pods Resources */ = {
			isa = PBXShellScriptBuildPhase;
			buildActionMask = 2147483647;
			files = (
			);
			inputFileListPaths = (
				"${PODS_ROOT}/Target Support Files/Pods-PokemonWorld/Pods-PokemonWorld-resources-${CONFIGURATION}-input-files.xcfilelist",
			);
			name = "[CP] Copy Pods Resources";
			outputFileListPaths = (
				"${PODS_ROOT}/Target Support Files/Pods-PokemonWorld/Pods-PokemonWorld-resources-${CONFIGURATION}-output-files.xcfilelist",
			);
			runOnlyForDeploymentPostprocessing = 0;
			shellPath = /bin/sh;
			shellScript = "\"${PODS_ROOT}/Target Support Files/Pods-PokemonWorld/Pods-PokemonWorld-resources.sh\"\n";
			showEnvVarsInLog = 0;
		};
		C277F79AC512F914285DC85F /* [CP] Check Pods Manifest.lock */ = {
			isa = PBXShellScriptBuildPhase;
			buildActionMask = 2147483647;
			files = (
			);
			inputFileListPaths = (
			);
			inputPaths = (
				"${PODS_PODFILE_DIR_PATH}/Podfile.lock",
				"${PODS_ROOT}/Manifest.lock",
			);
			name = "[CP] Check Pods Manifest.lock";
			outputFileListPaths = (
			);
			outputPaths = (
				"$(DERIVED_FILE_DIR)/Pods-PokemonWorld-checkManifestLockResult.txt",
			);
			runOnlyForDeploymentPostprocessing = 0;
			shellPath = /bin/sh;
			shellScript = "diff \"${PODS_PODFILE_DIR_PATH}/Podfile.lock\" \"${PODS_ROOT}/Manifest.lock\" > /dev/null\nif [ $? != 0 ] ; then\n    # print error to STDERR\n    echo \"error: The sandbox is not in sync with the Podfile.lock. Run 'pod install' or update your CocoaPods installation.\" >&2\n    exit 1\nfi\n# This output is used by Xcode 'outputs' to avoid re-running this script phase.\necho \"SUCCESS\" > \"${SCRIPT_OUTPUT_FILE_0}\"\n";
			showEnvVarsInLog = 0;
		};
/* End PBXShellScriptBuildPhase section */

/* Begin PBXSourcesBuildPhase section */
		F88A64D2273552B4004B12AB /* Sources */ = {
			isa = PBXSourcesBuildPhase;
			buildActionMask = 2147483647;
			files = (
				F84D975E273974000019A176 /* UIView+extensions.swift in Sources */,
				F8710C2B273BBC5E00C6DB42 /* DetailWireframe.swift in Sources */,
				F84D9764273974120019A176 /* AlertController.swift in Sources */,
				F8B6C0D0273942F500191204 /* ListWireframe.swift in Sources */,
				F8B6C0CF273942F500191204 /* ListInteractor.swift in Sources */,
				F84D9765273974120019A176 /* Alertable.swift in Sources */,
				F8710C25273BBC5E00C6DB42 /* DetailPresenter.swift in Sources */,
				F84D976A273974220019A176 /* LoadingView.swift in Sources */,
				F8D1233F2739590E007FC2D7 /* UIView+loadingView.swift in Sources */,
				F8B6C0D1273942F500191204 /* ListPresenter.swift in Sources */,
				F84D975F273974000019A176 /* UITableView+deselectRow.swift in Sources */,
				F84D9766273974120019A176 /* Loadable.swift in Sources */,
				F8AA8F37273ADBA4003A47A4 /* PokemonCollectionViewCell.swift in Sources */,
				F8710C28273BBC5E00C6DB42 /* DetailInteractor.swift in Sources */,
				F8710C26273BBC5E00C6DB42 /* DetailViewController.swift in Sources */,
				F8B6C0D2273942F500191204 /* ListViewController.swift in Sources */,
				F88A64DA273552B4004B12AB /* AppDelegate.swift in Sources */,
			);
			runOnlyForDeploymentPostprocessing = 0;
		};
		F88A64E8273552B5004B12AB /* Sources */ = {
			isa = PBXSourcesBuildPhase;
			buildActionMask = 2147483647;
			files = (
				F88A64F1273552B5004B12AB /* PokemonWorldTests.swift in Sources */,
			);
			runOnlyForDeploymentPostprocessing = 0;
		};
		F88A64F2273552B5004B12AB /* Sources */ = {
			isa = PBXSourcesBuildPhase;
			buildActionMask = 2147483647;
			files = (
				F88A64FB273552B5004B12AB /* PokemonWorldUITests.swift in Sources */,
				F88A64FD273552B5004B12AB /* PokemonWorldUITestsLaunchTests.swift in Sources */,
			);
			runOnlyForDeploymentPostprocessing = 0;
		};
/* End PBXSourcesBuildPhase section */

/* Begin PBXTargetDependency section */
		F88A64EE273552B5004B12AB /* PBXTargetDependency */ = {
			isa = PBXTargetDependency;
			target = F88A64D5273552B4004B12AB /* PokemonWorld */;
			targetProxy = F88A64ED273552B5004B12AB /* PBXContainerItemProxy */;
		};
		F88A64F8273552B5004B12AB /* PBXTargetDependency */ = {
			isa = PBXTargetDependency;
			target = F88A64D5273552B4004B12AB /* PokemonWorld */;
			targetProxy = F88A64F7273552B5004B12AB /* PBXContainerItemProxy */;
		};
/* End PBXTargetDependency section */

/* Begin PBXVariantGroup section */
		F88A64E4273552B5004B12AB /* LaunchScreen.storyboard */ = {
			isa = PBXVariantGroup;
			children = (
				F88A64E5273552B5004B12AB /* Base */,
			);
			name = LaunchScreen.storyboard;
			sourceTree = "<group>";
		};
/* End PBXVariantGroup section */

/* Begin XCBuildConfiguration section */
		F83441912745189F00E90EAD /* Debug - Production */ = {
			isa = XCBuildConfiguration;
			buildSettings = {
				ALWAYS_SEARCH_USER_PATHS = NO;
				CLANG_ANALYZER_NONNULL = YES;
				CLANG_ANALYZER_NUMBER_OBJECT_CONVERSION = YES_AGGRESSIVE;
				CLANG_CXX_LANGUAGE_STANDARD = "gnu++17";
				CLANG_CXX_LIBRARY = "libc++";
				CLANG_ENABLE_MODULES = YES;
				CLANG_ENABLE_OBJC_ARC = YES;
				CLANG_ENABLE_OBJC_WEAK = YES;
				CLANG_WARN_BLOCK_CAPTURE_AUTORELEASING = YES;
				CLANG_WARN_BOOL_CONVERSION = YES;
				CLANG_WARN_COMMA = YES;
				CLANG_WARN_CONSTANT_CONVERSION = YES;
				CLANG_WARN_DEPRECATED_OBJC_IMPLEMENTATIONS = YES;
				CLANG_WARN_DIRECT_OBJC_ISA_USAGE = YES_ERROR;
				CLANG_WARN_DOCUMENTATION_COMMENTS = YES;
				CLANG_WARN_EMPTY_BODY = YES;
				CLANG_WARN_ENUM_CONVERSION = YES;
				CLANG_WARN_INFINITE_RECURSION = YES;
				CLANG_WARN_INT_CONVERSION = YES;
				CLANG_WARN_NON_LITERAL_NULL_CONVERSION = YES;
				CLANG_WARN_OBJC_IMPLICIT_RETAIN_SELF = YES;
				CLANG_WARN_OBJC_LITERAL_CONVERSION = YES;
				CLANG_WARN_OBJC_ROOT_CLASS = YES_ERROR;
				CLANG_WARN_QUOTED_INCLUDE_IN_FRAMEWORK_HEADER = YES;
				CLANG_WARN_RANGE_LOOP_ANALYSIS = YES;
				CLANG_WARN_STRICT_PROTOTYPES = YES;
				CLANG_WARN_SUSPICIOUS_MOVE = YES;
				CLANG_WARN_UNGUARDED_AVAILABILITY = YES_AGGRESSIVE;
				CLANG_WARN_UNREACHABLE_CODE = YES;
				CLANG_WARN__DUPLICATE_METHOD_MATCH = YES;
				COPY_PHASE_STRIP = NO;
				DEBUG_INFORMATION_FORMAT = dwarf;
				ENABLE_STRICT_OBJC_MSGSEND = YES;
				ENABLE_TESTABILITY = YES;
				GCC_C_LANGUAGE_STANDARD = gnu11;
				GCC_DYNAMIC_NO_PIC = NO;
				GCC_NO_COMMON_BLOCKS = YES;
				GCC_OPTIMIZATION_LEVEL = 0;
				GCC_PREPROCESSOR_DEFINITIONS = (
					"DEBUG=1",
					"$(inherited)",
				);
				GCC_WARN_64_TO_32_BIT_CONVERSION = YES;
				GCC_WARN_ABOUT_RETURN_TYPE = YES_ERROR;
				GCC_WARN_UNDECLARED_SELECTOR = YES;
				GCC_WARN_UNINITIALIZED_AUTOS = YES_AGGRESSIVE;
				GCC_WARN_UNUSED_FUNCTION = YES;
				GCC_WARN_UNUSED_VARIABLE = YES;
				IPHONEOS_DEPLOYMENT_TARGET = 15.0;
				MTL_ENABLE_DEBUG_INFO = INCLUDE_SOURCE;
				MTL_FAST_MATH = YES;
				ONLY_ACTIVE_ARCH = YES;
				SDKROOT = iphoneos;
				SWIFT_ACTIVE_COMPILATION_CONDITIONS = DEBUG;
				SWIFT_OPTIMIZATION_LEVEL = "-Onone";
			};
			name = "Debug - Production";
		};
		F83441922745189F00E90EAD /* Debug - Production */ = {
			isa = XCBuildConfiguration;
			baseConfigurationReference = F834418E2745185900E90EAD /* Production.xcconfig */;
			buildSettings = {
				ASSETCATALOG_COMPILER_APPICON_NAME = AppIcon;
				ASSETCATALOG_COMPILER_GLOBAL_ACCENT_COLOR_NAME = AccentColor;
				CODE_SIGN_STYLE = Automatic;
				CURRENT_PROJECT_VERSION = 1;
				DEVELOPMENT_TEAM = LS8HYFSC3B;
				GENERATE_INFOPLIST_FILE = YES;
				INFOPLIST_FILE = PokemonWorld/Info.plist;
				INFOPLIST_KEY_LSApplicationCategoryType = "";
				INFOPLIST_KEY_UIApplicationSupportsIndirectInputEvents = YES;
				INFOPLIST_KEY_UILaunchStoryboardName = LaunchScreen;
				INFOPLIST_KEY_UISupportedInterfaceOrientations_iPad = "UIInterfaceOrientationPortrait UIInterfaceOrientationPortraitUpsideDown UIInterfaceOrientationLandscapeLeft UIInterfaceOrientationLandscapeRight";
				INFOPLIST_KEY_UISupportedInterfaceOrientations_iPhone = "UIInterfaceOrientationPortrait UIInterfaceOrientationLandscapeLeft UIInterfaceOrientationLandscapeRight";
				LD_RUNPATH_SEARCH_PATHS = (
					"$(inherited)",
					"@executable_path/Frameworks",
				);
				MARKETING_VERSION = 1.0;
				PRODUCT_BUNDLE_IDENTIFIER = com.edugonzlz.PokemonWorld;
				PRODUCT_NAME = "$(TARGET_NAME)";
				SWIFT_EMIT_LOC_STRINGS = YES;
				SWIFT_VERSION = 5.0;
				TARGETED_DEVICE_FAMILY = "1,2";
			};
			name = "Debug - Production";
		};
		F83441932745189F00E90EAD /* Debug - Production */ = {
			isa = XCBuildConfiguration;
			buildSettings = {
				ALWAYS_EMBED_SWIFT_STANDARD_LIBRARIES = YES;
				BUNDLE_LOADER = "$(TEST_HOST)";
				CODE_SIGN_STYLE = Automatic;
				CURRENT_PROJECT_VERSION = 1;
				DEVELOPMENT_TEAM = LS8HYFSC3B;
				GENERATE_INFOPLIST_FILE = YES;
				IPHONEOS_DEPLOYMENT_TARGET = 15.0;
				LD_RUNPATH_SEARCH_PATHS = (
					"$(inherited)",
					"@executable_path/Frameworks",
					"@loader_path/Frameworks",
				);
				MARKETING_VERSION = 1.0;
				PRODUCT_BUNDLE_IDENTIFIER = com.edugonzlz.PokemonWorldTests;
				PRODUCT_NAME = "$(TARGET_NAME)";
				SWIFT_EMIT_LOC_STRINGS = NO;
				SWIFT_VERSION = 5.0;
				TARGETED_DEVICE_FAMILY = "1,2";
				TEST_HOST = "$(BUILT_PRODUCTS_DIR)/PokemonWorld.app/PokemonWorld";
			};
			name = "Debug - Production";
		};
		F83441942745189F00E90EAD /* Debug - Production */ = {
			isa = XCBuildConfiguration;
			buildSettings = {
				ALWAYS_EMBED_SWIFT_STANDARD_LIBRARIES = YES;
				CODE_SIGN_STYLE = Automatic;
				CURRENT_PROJECT_VERSION = 1;
				DEVELOPMENT_TEAM = LS8HYFSC3B;
				GENERATE_INFOPLIST_FILE = YES;
				LD_RUNPATH_SEARCH_PATHS = (
					"$(inherited)",
					"@executable_path/Frameworks",
					"@loader_path/Frameworks",
				);
				MARKETING_VERSION = 1.0;
				PRODUCT_BUNDLE_IDENTIFIER = com.edugonzlz.PokemonWorldUITests;
				PRODUCT_NAME = "$(TARGET_NAME)";
				SWIFT_EMIT_LOC_STRINGS = NO;
				SWIFT_VERSION = 5.0;
				TARGETED_DEVICE_FAMILY = "1,2";
				TEST_TARGET_NAME = PokemonWorld;
			};
			name = "Debug - Production";
		};
		F8344195274518C700E90EAD /* Release - Staging */ = {
			isa = XCBuildConfiguration;
			buildSettings = {
				ALWAYS_SEARCH_USER_PATHS = NO;
				CLANG_ANALYZER_NONNULL = YES;
				CLANG_ANALYZER_NUMBER_OBJECT_CONVERSION = YES_AGGRESSIVE;
				CLANG_CXX_LANGUAGE_STANDARD = "gnu++17";
				CLANG_CXX_LIBRARY = "libc++";
				CLANG_ENABLE_MODULES = YES;
				CLANG_ENABLE_OBJC_ARC = YES;
				CLANG_ENABLE_OBJC_WEAK = YES;
				CLANG_WARN_BLOCK_CAPTURE_AUTORELEASING = YES;
				CLANG_WARN_BOOL_CONVERSION = YES;
				CLANG_WARN_COMMA = YES;
				CLANG_WARN_CONSTANT_CONVERSION = YES;
				CLANG_WARN_DEPRECATED_OBJC_IMPLEMENTATIONS = YES;
				CLANG_WARN_DIRECT_OBJC_ISA_USAGE = YES_ERROR;
				CLANG_WARN_DOCUMENTATION_COMMENTS = YES;
				CLANG_WARN_EMPTY_BODY = YES;
				CLANG_WARN_ENUM_CONVERSION = YES;
				CLANG_WARN_INFINITE_RECURSION = YES;
				CLANG_WARN_INT_CONVERSION = YES;
				CLANG_WARN_NON_LITERAL_NULL_CONVERSION = YES;
				CLANG_WARN_OBJC_IMPLICIT_RETAIN_SELF = YES;
				CLANG_WARN_OBJC_LITERAL_CONVERSION = YES;
				CLANG_WARN_OBJC_ROOT_CLASS = YES_ERROR;
				CLANG_WARN_QUOTED_INCLUDE_IN_FRAMEWORK_HEADER = YES;
				CLANG_WARN_RANGE_LOOP_ANALYSIS = YES;
				CLANG_WARN_STRICT_PROTOTYPES = YES;
				CLANG_WARN_SUSPICIOUS_MOVE = YES;
				CLANG_WARN_UNGUARDED_AVAILABILITY = YES_AGGRESSIVE;
				CLANG_WARN_UNREACHABLE_CODE = YES;
				CLANG_WARN__DUPLICATE_METHOD_MATCH = YES;
				COPY_PHASE_STRIP = NO;
				DEBUG_INFORMATION_FORMAT = "dwarf-with-dsym";
				ENABLE_NS_ASSERTIONS = NO;
				ENABLE_STRICT_OBJC_MSGSEND = YES;
				GCC_C_LANGUAGE_STANDARD = gnu11;
				GCC_NO_COMMON_BLOCKS = YES;
				GCC_WARN_64_TO_32_BIT_CONVERSION = YES;
				GCC_WARN_ABOUT_RETURN_TYPE = YES_ERROR;
				GCC_WARN_UNDECLARED_SELECTOR = YES;
				GCC_WARN_UNINITIALIZED_AUTOS = YES_AGGRESSIVE;
				GCC_WARN_UNUSED_FUNCTION = YES;
				GCC_WARN_UNUSED_VARIABLE = YES;
				IPHONEOS_DEPLOYMENT_TARGET = 15.0;
				MTL_ENABLE_DEBUG_INFO = NO;
				MTL_FAST_MATH = YES;
				SDKROOT = iphoneos;
				SWIFT_COMPILATION_MODE = wholemodule;
				SWIFT_OPTIMIZATION_LEVEL = "-O";
				VALIDATE_PRODUCT = YES;
			};
			name = "Release - Staging";
		};
		F8344196274518C700E90EAD /* Release - Staging */ = {
			isa = XCBuildConfiguration;
			baseConfigurationReference = F834418D2745185900E90EAD /* Staging.xcconfig */;
			buildSettings = {
				ASSETCATALOG_COMPILER_APPICON_NAME = AppIcon;
				ASSETCATALOG_COMPILER_GLOBAL_ACCENT_COLOR_NAME = AccentColor;
				CODE_SIGN_STYLE = Automatic;
				CURRENT_PROJECT_VERSION = 1;
				DEVELOPMENT_TEAM = LS8HYFSC3B;
				GENERATE_INFOPLIST_FILE = YES;
				INFOPLIST_FILE = PokemonWorld/Info.plist;
				INFOPLIST_KEY_LSApplicationCategoryType = "";
				INFOPLIST_KEY_UIApplicationSupportsIndirectInputEvents = YES;
				INFOPLIST_KEY_UILaunchStoryboardName = LaunchScreen;
				INFOPLIST_KEY_UISupportedInterfaceOrientations_iPad = "UIInterfaceOrientationPortrait UIInterfaceOrientationPortraitUpsideDown UIInterfaceOrientationLandscapeLeft UIInterfaceOrientationLandscapeRight";
				INFOPLIST_KEY_UISupportedInterfaceOrientations_iPhone = "UIInterfaceOrientationPortrait UIInterfaceOrientationLandscapeLeft UIInterfaceOrientationLandscapeRight";
				LD_RUNPATH_SEARCH_PATHS = (
					"$(inherited)",
					"@executable_path/Frameworks",
				);
				MARKETING_VERSION = 1.0;
				PRODUCT_BUNDLE_IDENTIFIER = com.edugonzlz.PokemonWorld;
				PRODUCT_NAME = "$(TARGET_NAME)";
				SWIFT_EMIT_LOC_STRINGS = YES;
				SWIFT_VERSION = 5.0;
				TARGETED_DEVICE_FAMILY = "1,2";
			};
			name = "Release - Staging";
		};
		F8344197274518C700E90EAD /* Release - Staging */ = {
			isa = XCBuildConfiguration;
			buildSettings = {
				ALWAYS_EMBED_SWIFT_STANDARD_LIBRARIES = YES;
				BUNDLE_LOADER = "$(TEST_HOST)";
				CODE_SIGN_STYLE = Automatic;
				CURRENT_PROJECT_VERSION = 1;
				DEVELOPMENT_TEAM = LS8HYFSC3B;
				GENERATE_INFOPLIST_FILE = YES;
				IPHONEOS_DEPLOYMENT_TARGET = 15.0;
				LD_RUNPATH_SEARCH_PATHS = (
					"$(inherited)",
					"@executable_path/Frameworks",
					"@loader_path/Frameworks",
				);
				MARKETING_VERSION = 1.0;
				PRODUCT_BUNDLE_IDENTIFIER = com.edugonzlz.PokemonWorldTests;
				PRODUCT_NAME = "$(TARGET_NAME)";
				SWIFT_EMIT_LOC_STRINGS = NO;
				SWIFT_VERSION = 5.0;
				TARGETED_DEVICE_FAMILY = "1,2";
				TEST_HOST = "$(BUILT_PRODUCTS_DIR)/PokemonWorld.app/PokemonWorld";
			};
			name = "Release - Staging";
		};
		F8344198274518C700E90EAD /* Release - Staging */ = {
			isa = XCBuildConfiguration;
			buildSettings = {
				ALWAYS_EMBED_SWIFT_STANDARD_LIBRARIES = YES;
				CODE_SIGN_STYLE = Automatic;
				CURRENT_PROJECT_VERSION = 1;
				DEVELOPMENT_TEAM = LS8HYFSC3B;
				GENERATE_INFOPLIST_FILE = YES;
				LD_RUNPATH_SEARCH_PATHS = (
					"$(inherited)",
					"@executable_path/Frameworks",
					"@loader_path/Frameworks",
				);
				MARKETING_VERSION = 1.0;
				PRODUCT_BUNDLE_IDENTIFIER = com.edugonzlz.PokemonWorldUITests;
				PRODUCT_NAME = "$(TARGET_NAME)";
				SWIFT_EMIT_LOC_STRINGS = NO;
				SWIFT_VERSION = 5.0;
				TARGETED_DEVICE_FAMILY = "1,2";
				TEST_TARGET_NAME = PokemonWorld;
			};
			name = "Release - Staging";
		};
		F88A64FE273552B5004B12AB /* Debug - Staging */ = {
			isa = XCBuildConfiguration;
			buildSettings = {
				ALWAYS_SEARCH_USER_PATHS = NO;
				CLANG_ANALYZER_NONNULL = YES;
				CLANG_ANALYZER_NUMBER_OBJECT_CONVERSION = YES_AGGRESSIVE;
				CLANG_CXX_LANGUAGE_STANDARD = "gnu++17";
				CLANG_CXX_LIBRARY = "libc++";
				CLANG_ENABLE_MODULES = YES;
				CLANG_ENABLE_OBJC_ARC = YES;
				CLANG_ENABLE_OBJC_WEAK = YES;
				CLANG_WARN_BLOCK_CAPTURE_AUTORELEASING = YES;
				CLANG_WARN_BOOL_CONVERSION = YES;
				CLANG_WARN_COMMA = YES;
				CLANG_WARN_CONSTANT_CONVERSION = YES;
				CLANG_WARN_DEPRECATED_OBJC_IMPLEMENTATIONS = YES;
				CLANG_WARN_DIRECT_OBJC_ISA_USAGE = YES_ERROR;
				CLANG_WARN_DOCUMENTATION_COMMENTS = YES;
				CLANG_WARN_EMPTY_BODY = YES;
				CLANG_WARN_ENUM_CONVERSION = YES;
				CLANG_WARN_INFINITE_RECURSION = YES;
				CLANG_WARN_INT_CONVERSION = YES;
				CLANG_WARN_NON_LITERAL_NULL_CONVERSION = YES;
				CLANG_WARN_OBJC_IMPLICIT_RETAIN_SELF = YES;
				CLANG_WARN_OBJC_LITERAL_CONVERSION = YES;
				CLANG_WARN_OBJC_ROOT_CLASS = YES_ERROR;
				CLANG_WARN_QUOTED_INCLUDE_IN_FRAMEWORK_HEADER = YES;
				CLANG_WARN_RANGE_LOOP_ANALYSIS = YES;
				CLANG_WARN_STRICT_PROTOTYPES = YES;
				CLANG_WARN_SUSPICIOUS_MOVE = YES;
				CLANG_WARN_UNGUARDED_AVAILABILITY = YES_AGGRESSIVE;
				CLANG_WARN_UNREACHABLE_CODE = YES;
				CLANG_WARN__DUPLICATE_METHOD_MATCH = YES;
				COPY_PHASE_STRIP = NO;
				DEBUG_INFORMATION_FORMAT = dwarf;
				ENABLE_STRICT_OBJC_MSGSEND = YES;
				ENABLE_TESTABILITY = YES;
				GCC_C_LANGUAGE_STANDARD = gnu11;
				GCC_DYNAMIC_NO_PIC = NO;
				GCC_NO_COMMON_BLOCKS = YES;
				GCC_OPTIMIZATION_LEVEL = 0;
				GCC_PREPROCESSOR_DEFINITIONS = (
					"DEBUG=1",
					"$(inherited)",
				);
				GCC_WARN_64_TO_32_BIT_CONVERSION = YES;
				GCC_WARN_ABOUT_RETURN_TYPE = YES_ERROR;
				GCC_WARN_UNDECLARED_SELECTOR = YES;
				GCC_WARN_UNINITIALIZED_AUTOS = YES_AGGRESSIVE;
				GCC_WARN_UNUSED_FUNCTION = YES;
				GCC_WARN_UNUSED_VARIABLE = YES;
				IPHONEOS_DEPLOYMENT_TARGET = 15.0;
				MTL_ENABLE_DEBUG_INFO = INCLUDE_SOURCE;
				MTL_FAST_MATH = YES;
				ONLY_ACTIVE_ARCH = YES;
				SDKROOT = iphoneos;
				SWIFT_ACTIVE_COMPILATION_CONDITIONS = DEBUG;
				SWIFT_OPTIMIZATION_LEVEL = "-Onone";
			};
			name = "Debug - Staging";
		};
		F88A64FF273552B5004B12AB /* Release - Production */ = {
			isa = XCBuildConfiguration;
			buildSettings = {
				ALWAYS_SEARCH_USER_PATHS = NO;
				CLANG_ANALYZER_NONNULL = YES;
				CLANG_ANALYZER_NUMBER_OBJECT_CONVERSION = YES_AGGRESSIVE;
				CLANG_CXX_LANGUAGE_STANDARD = "gnu++17";
				CLANG_CXX_LIBRARY = "libc++";
				CLANG_ENABLE_MODULES = YES;
				CLANG_ENABLE_OBJC_ARC = YES;
				CLANG_ENABLE_OBJC_WEAK = YES;
				CLANG_WARN_BLOCK_CAPTURE_AUTORELEASING = YES;
				CLANG_WARN_BOOL_CONVERSION = YES;
				CLANG_WARN_COMMA = YES;
				CLANG_WARN_CONSTANT_CONVERSION = YES;
				CLANG_WARN_DEPRECATED_OBJC_IMPLEMENTATIONS = YES;
				CLANG_WARN_DIRECT_OBJC_ISA_USAGE = YES_ERROR;
				CLANG_WARN_DOCUMENTATION_COMMENTS = YES;
				CLANG_WARN_EMPTY_BODY = YES;
				CLANG_WARN_ENUM_CONVERSION = YES;
				CLANG_WARN_INFINITE_RECURSION = YES;
				CLANG_WARN_INT_CONVERSION = YES;
				CLANG_WARN_NON_LITERAL_NULL_CONVERSION = YES;
				CLANG_WARN_OBJC_IMPLICIT_RETAIN_SELF = YES;
				CLANG_WARN_OBJC_LITERAL_CONVERSION = YES;
				CLANG_WARN_OBJC_ROOT_CLASS = YES_ERROR;
				CLANG_WARN_QUOTED_INCLUDE_IN_FRAMEWORK_HEADER = YES;
				CLANG_WARN_RANGE_LOOP_ANALYSIS = YES;
				CLANG_WARN_STRICT_PROTOTYPES = YES;
				CLANG_WARN_SUSPICIOUS_MOVE = YES;
				CLANG_WARN_UNGUARDED_AVAILABILITY = YES_AGGRESSIVE;
				CLANG_WARN_UNREACHABLE_CODE = YES;
				CLANG_WARN__DUPLICATE_METHOD_MATCH = YES;
				COPY_PHASE_STRIP = NO;
				DEBUG_INFORMATION_FORMAT = "dwarf-with-dsym";
				ENABLE_NS_ASSERTIONS = NO;
				ENABLE_STRICT_OBJC_MSGSEND = YES;
				GCC_C_LANGUAGE_STANDARD = gnu11;
				GCC_NO_COMMON_BLOCKS = YES;
				GCC_WARN_64_TO_32_BIT_CONVERSION = YES;
				GCC_WARN_ABOUT_RETURN_TYPE = YES_ERROR;
				GCC_WARN_UNDECLARED_SELECTOR = YES;
				GCC_WARN_UNINITIALIZED_AUTOS = YES_AGGRESSIVE;
				GCC_WARN_UNUSED_FUNCTION = YES;
				GCC_WARN_UNUSED_VARIABLE = YES;
				IPHONEOS_DEPLOYMENT_TARGET = 15.0;
				MTL_ENABLE_DEBUG_INFO = NO;
				MTL_FAST_MATH = YES;
				SDKROOT = iphoneos;
				SWIFT_COMPILATION_MODE = wholemodule;
				SWIFT_OPTIMIZATION_LEVEL = "-O";
				VALIDATE_PRODUCT = YES;
			};
			name = "Release - Production";
		};
		F88A6501273552B5004B12AB /* Debug - Staging */ = {
			isa = XCBuildConfiguration;
			baseConfigurationReference = F834418D2745185900E90EAD /* Staging.xcconfig */;
			buildSettings = {
				ASSETCATALOG_COMPILER_APPICON_NAME = AppIcon;
				ASSETCATALOG_COMPILER_GLOBAL_ACCENT_COLOR_NAME = AccentColor;
				CODE_SIGN_STYLE = Automatic;
				CURRENT_PROJECT_VERSION = 1;
				DEVELOPMENT_TEAM = LS8HYFSC3B;
				GENERATE_INFOPLIST_FILE = YES;
				INFOPLIST_FILE = PokemonWorld/Info.plist;
				INFOPLIST_KEY_LSApplicationCategoryType = "";
				INFOPLIST_KEY_UIApplicationSupportsIndirectInputEvents = YES;
				INFOPLIST_KEY_UILaunchStoryboardName = LaunchScreen;
				INFOPLIST_KEY_UISupportedInterfaceOrientations_iPad = "UIInterfaceOrientationPortrait UIInterfaceOrientationPortraitUpsideDown UIInterfaceOrientationLandscapeLeft UIInterfaceOrientationLandscapeRight";
				INFOPLIST_KEY_UISupportedInterfaceOrientations_iPhone = "UIInterfaceOrientationPortrait UIInterfaceOrientationLandscapeLeft UIInterfaceOrientationLandscapeRight";
				LD_RUNPATH_SEARCH_PATHS = (
					"$(inherited)",
					"@executable_path/Frameworks",
				);
				MARKETING_VERSION = 1.0;
				PRODUCT_BUNDLE_IDENTIFIER = com.edugonzlz.PokemonWorld;
				PRODUCT_NAME = "$(TARGET_NAME)";
				SWIFT_EMIT_LOC_STRINGS = YES;
				SWIFT_VERSION = 5.0;
				TARGETED_DEVICE_FAMILY = "1,2";
			};
			name = "Debug - Staging";
		};
		F88A6502273552B5004B12AB /* Release - Production */ = {
			isa = XCBuildConfiguration;
			baseConfigurationReference = F834418E2745185900E90EAD /* Production.xcconfig */;
			buildSettings = {
				ASSETCATALOG_COMPILER_APPICON_NAME = AppIcon;
				ASSETCATALOG_COMPILER_GLOBAL_ACCENT_COLOR_NAME = AccentColor;
				CODE_SIGN_STYLE = Automatic;
				CURRENT_PROJECT_VERSION = 1;
				DEVELOPMENT_TEAM = LS8HYFSC3B;
				GENERATE_INFOPLIST_FILE = YES;
				INFOPLIST_FILE = PokemonWorld/Info.plist;
				INFOPLIST_KEY_LSApplicationCategoryType = "";
				INFOPLIST_KEY_UIApplicationSupportsIndirectInputEvents = YES;
				INFOPLIST_KEY_UILaunchStoryboardName = LaunchScreen;
				INFOPLIST_KEY_UISupportedInterfaceOrientations_iPad = "UIInterfaceOrientationPortrait UIInterfaceOrientationPortraitUpsideDown UIInterfaceOrientationLandscapeLeft UIInterfaceOrientationLandscapeRight";
				INFOPLIST_KEY_UISupportedInterfaceOrientations_iPhone = "UIInterfaceOrientationPortrait UIInterfaceOrientationLandscapeLeft UIInterfaceOrientationLandscapeRight";
				LD_RUNPATH_SEARCH_PATHS = (
					"$(inherited)",
					"@executable_path/Frameworks",
				);
				MARKETING_VERSION = 1.0;
				PRODUCT_BUNDLE_IDENTIFIER = com.edugonzlz.PokemonWorld;
				PRODUCT_NAME = "$(TARGET_NAME)";
				SWIFT_EMIT_LOC_STRINGS = YES;
				SWIFT_VERSION = 5.0;
				TARGETED_DEVICE_FAMILY = "1,2";
			};
			name = "Release - Production";
		};
		F88A6504273552B5004B12AB /* Debug - Staging */ = {
			isa = XCBuildConfiguration;
			buildSettings = {
				ALWAYS_EMBED_SWIFT_STANDARD_LIBRARIES = YES;
				BUNDLE_LOADER = "$(TEST_HOST)";
				CODE_SIGN_STYLE = Automatic;
				CURRENT_PROJECT_VERSION = 1;
				DEVELOPMENT_TEAM = LS8HYFSC3B;
				GENERATE_INFOPLIST_FILE = YES;
				IPHONEOS_DEPLOYMENT_TARGET = 15.0;
				LD_RUNPATH_SEARCH_PATHS = (
					"$(inherited)",
					"@executable_path/Frameworks",
					"@loader_path/Frameworks",
				);
				MARKETING_VERSION = 1.0;
				PRODUCT_BUNDLE_IDENTIFIER = com.edugonzlz.PokemonWorldTests;
				PRODUCT_NAME = "$(TARGET_NAME)";
				SWIFT_EMIT_LOC_STRINGS = NO;
				SWIFT_VERSION = 5.0;
				TARGETED_DEVICE_FAMILY = "1,2";
				TEST_HOST = "$(BUILT_PRODUCTS_DIR)/PokemonWorld.app/PokemonWorld";
			};
			name = "Debug - Staging";
		};
		F88A6505273552B5004B12AB /* Release - Production */ = {
			isa = XCBuildConfiguration;
			buildSettings = {
				ALWAYS_EMBED_SWIFT_STANDARD_LIBRARIES = YES;
				BUNDLE_LOADER = "$(TEST_HOST)";
				CODE_SIGN_STYLE = Automatic;
				CURRENT_PROJECT_VERSION = 1;
				DEVELOPMENT_TEAM = LS8HYFSC3B;
				GENERATE_INFOPLIST_FILE = YES;
				IPHONEOS_DEPLOYMENT_TARGET = 15.0;
				LD_RUNPATH_SEARCH_PATHS = (
					"$(inherited)",
					"@executable_path/Frameworks",
					"@loader_path/Frameworks",
				);
				MARKETING_VERSION = 1.0;
				PRODUCT_BUNDLE_IDENTIFIER = com.edugonzlz.PokemonWorldTests;
				PRODUCT_NAME = "$(TARGET_NAME)";
				SWIFT_EMIT_LOC_STRINGS = NO;
				SWIFT_VERSION = 5.0;
				TARGETED_DEVICE_FAMILY = "1,2";
				TEST_HOST = "$(BUILT_PRODUCTS_DIR)/PokemonWorld.app/PokemonWorld";
			};
			name = "Release - Production";
		};
		F88A6507273552B5004B12AB /* Debug - Staging */ = {
			isa = XCBuildConfiguration;
			buildSettings = {
				ALWAYS_EMBED_SWIFT_STANDARD_LIBRARIES = YES;
				CODE_SIGN_STYLE = Automatic;
				CURRENT_PROJECT_VERSION = 1;
				DEVELOPMENT_TEAM = LS8HYFSC3B;
				GENERATE_INFOPLIST_FILE = YES;
				LD_RUNPATH_SEARCH_PATHS = (
					"$(inherited)",
					"@executable_path/Frameworks",
					"@loader_path/Frameworks",
				);
				MARKETING_VERSION = 1.0;
				PRODUCT_BUNDLE_IDENTIFIER = com.edugonzlz.PokemonWorldUITests;
				PRODUCT_NAME = "$(TARGET_NAME)";
				SWIFT_EMIT_LOC_STRINGS = NO;
				SWIFT_VERSION = 5.0;
				TARGETED_DEVICE_FAMILY = "1,2";
				TEST_TARGET_NAME = PokemonWorld;
			};
			name = "Debug - Staging";
		};
		F88A6508273552B5004B12AB /* Release - Production */ = {
			isa = XCBuildConfiguration;
			buildSettings = {
				ALWAYS_EMBED_SWIFT_STANDARD_LIBRARIES = YES;
				CODE_SIGN_STYLE = Automatic;
				CURRENT_PROJECT_VERSION = 1;
				DEVELOPMENT_TEAM = LS8HYFSC3B;
				GENERATE_INFOPLIST_FILE = YES;
				LD_RUNPATH_SEARCH_PATHS = (
					"$(inherited)",
					"@executable_path/Frameworks",
					"@loader_path/Frameworks",
				);
				MARKETING_VERSION = 1.0;
				PRODUCT_BUNDLE_IDENTIFIER = com.edugonzlz.PokemonWorldUITests;
				PRODUCT_NAME = "$(TARGET_NAME)";
				SWIFT_EMIT_LOC_STRINGS = NO;
				SWIFT_VERSION = 5.0;
				TARGETED_DEVICE_FAMILY = "1,2";
				TEST_TARGET_NAME = PokemonWorld;
			};
			name = "Release - Production";
		};
/* End XCBuildConfiguration section */

/* Begin XCConfigurationList section */
		F88A64D1273552B4004B12AB /* Build configuration list for PBXProject "PokemonWorld" */ = {
			isa = XCConfigurationList;
			buildConfigurations = (
				F88A64FE273552B5004B12AB /* Debug - Staging */,
				F83441912745189F00E90EAD /* Debug - Production */,
				F88A64FF273552B5004B12AB /* Release - Production */,
				F8344195274518C700E90EAD /* Release - Staging */,
			);
			defaultConfigurationIsVisible = 0;
			defaultConfigurationName = "Debug - Staging";
		};
		F88A6500273552B5004B12AB /* Build configuration list for PBXNativeTarget "PokemonWorld" */ = {
			isa = XCConfigurationList;
			buildConfigurations = (
				F88A6501273552B5004B12AB /* Debug - Staging */,
				F83441922745189F00E90EAD /* Debug - Production */,
				F88A6502273552B5004B12AB /* Release - Production */,
				F8344196274518C700E90EAD /* Release - Staging */,
			);
			defaultConfigurationIsVisible = 0;
			defaultConfigurationName = "Debug - Staging";
		};
		F88A6503273552B5004B12AB /* Build configuration list for PBXNativeTarget "PokemonWorldTests" */ = {
			isa = XCConfigurationList;
			buildConfigurations = (
				F88A6504273552B5004B12AB /* Debug - Staging */,
				F83441932745189F00E90EAD /* Debug - Production */,
				F88A6505273552B5004B12AB /* Release - Production */,
				F8344197274518C700E90EAD /* Release - Staging */,
			);
			defaultConfigurationIsVisible = 0;
			defaultConfigurationName = "Debug - Staging";
		};
		F88A6506273552B5004B12AB /* Build configuration list for PBXNativeTarget "PokemonWorldUITests" */ = {
			isa = XCConfigurationList;
			buildConfigurations = (
				F88A6507273552B5004B12AB /* Debug - Staging */,
				F83441942745189F00E90EAD /* Debug - Production */,
				F88A6508273552B5004B12AB /* Release - Production */,
				F8344198274518C700E90EAD /* Release - Staging */,
			);
			defaultConfigurationIsVisible = 0;
			defaultConfigurationName = "Debug - Staging";
		};
/* End XCConfigurationList section */

/* Begin XCRemoteSwiftPackageReference section */
		F8AA8F39273ADDAB003A47A4 /* XCRemoteSwiftPackageReference "Kingfisher" */ = {
			isa = XCRemoteSwiftPackageReference;
			repositoryURL = "https://github.com/onevcat/Kingfisher.git";
			requirement = {
				kind = upToNextMajorVersion;
				minimumVersion = 7.0.0;
			};
		};
/* End XCRemoteSwiftPackageReference section */

/* Begin XCSwiftPackageProductDependency section */
		F8AA8F3A273ADDAB003A47A4 /* Kingfisher */ = {
			isa = XCSwiftPackageProductDependency;
			package = F8AA8F39273ADDAB003A47A4 /* XCRemoteSwiftPackageReference "Kingfisher" */;
			productName = Kingfisher;
		};
/* End XCSwiftPackageProductDependency section */
	};
	rootObject = F88A64CE273552B4004B12AB /* Project object */;
}
