PODS:
  - CommonCore (1.0.0)
  - CommonUI (1.0.0)
  - PokemonServices (1.0.0):
    - CommonCore
  - PokemonServices/PokemonTests (1.0.0):
    - CommonCore
  - UserServices (1.0.0):
    - CommonCore
  - UserServices/UserTests (1.0.0):
    - CommonCore

DEPENDENCIES:
  - CommonCore (from `Modules/CommonCore`)
  - CommonUI (from `Modules/CommonUI`)
  - PokemonServices (from `Modules/PokemonServices`)
  - PokemonServices/PokemonTests (from `Modules/PokemonServices`)
  - UserServices (from `Modules/UserServices`)
  - UserServices/UserTests (from `Modules/UserServices`)

EXTERNAL SOURCES:
  CommonCore:
    :path: Modules/CommonCore
  CommonUI:
    :path: Modules/CommonUI
  PokemonServices:
    :path: Modules/PokemonServices
  UserServices:
    :path: Modules/UserServices

SPEC CHECKSUMS:
  CommonCore: b3d065eab7470bd15301474f564e7a3c1a9e9ec2
  CommonUI: 8f1d33c83958553186adb387cb09e94221241b11
  PokemonServices: 537fb9cb1b86c184a42f15c03950d15275643c63
  UserServices: c81ff825e42fa9262add675297976e85cf14c9ce

PODFILE CHECKSUM: f8ae342df0539e90e45e0068fe6569fc95174048

COCOAPODS: 1.11.3
