PODS:
  - CommonCore (1.0.0)
  - CommonUI (1.0.0)
  - PokemonServices (1.0.0):
    - CommonCore
  - PokemonServices/PokemonTests (1.0.0):
    - CommonCore

DEPENDENCIES:
  - CommonCore (from `Modules/CommonCore`)
  - CommonUI (from `Modules/CommonUI`)
  - PokemonServices (from `Modules/PokemonServices`)
  - PokemonServices/PokemonTests (from `Modules/PokemonServices`)

EXTERNAL SOURCES:
  CommonCore:
    :path: Modules/CommonCore
  CommonUI:
    :path: Modules/CommonUI
  PokemonServices:
    :path: Modules/PokemonServices

SPEC CHECKSUMS:
  CommonCore: b3d065eab7470bd15301474f564e7a3c1a9e9ec2
  CommonUI: 8f1d33c83958553186adb387cb09e94221241b11
  PokemonServices: 537fb9cb1b86c184a42f15c03950d15275643c63

PODFILE CHECKSUM: c5f0ca42960498886d23327ecf4c9475c77575c3

COCOAPODS: 1.11.2
