PODS:
  - CommonCore (1.0.0)
  - CommonUI (1.0.0)
  - PokemonServices (1.0.0):
    - CommonCore

DEPENDENCIES:
  - CommonCore (from `Modules/CommonCore`)
  - CommonUI (from `Modules/CommonUI`)
  - PokemonServices (from `Modules/PokemonServices`)

EXTERNAL SOURCES:
  CommonCore:
    :path: Modules/CommonCore
  CommonUI:
    :path: Modules/CommonUI
  PokemonServices:
    :path: Modules/PokemonServices

SPEC CHECKSUMS:
  CommonCore: f347a819edcef848f47d975ac9610c87c2c5b226
  CommonUI: 8f1d33c83958553186adb387cb09e94221241b11
  PokemonServices: a5117b2ea60307275f97027509f79b592256161d

PODFILE CHECKSUM: 4192494c3e0e42f30b48172c321933a520b0508c

COCOAPODS: 1.11.2
