// !$*UTF8*$!
{
	archiveVersion = 1;
	classes = {
	};
	objectVersion = 55;
	objects = {

/* Begin PBXBuildFile section */
		F8367C84274BA28E00480FD1 /* ListView.swift in Sources */ = {isa = PBXBuildFile; fileRef = F8367C83274BA28E00480FD1 /* ListView.swift */; };
		F8367C87274BA3DA00480FD1 /* ListViewModel.swift in Sources */ = {isa = PBXBuildFile; fileRef = F8367C86274BA3D900480FD1 /* ListViewModel.swift */; };
		F8367C89274BA8CA00480FD1 /* PokemonCell.swift in Sources */ = {isa = PBXBuildFile; fileRef = F8367C88274BA8CA00480FD1 /* PokemonCell.swift */; };
		F8367C8B274BA9A400480FD1 /* ListVo.swift in Sources */ = {isa = PBXBuildFile; fileRef = F8367C8A274BA9A400480FD1 /* ListVo.swift */; };
		F8367C8E274BB94900480FD1 /* Kingfisher in Frameworks */ = {isa = PBXBuildFile; productRef = F8367C8D274BB94900480FD1 /* Kingfisher */; };
		F8367C92274D3B8800480FD1 /* DetailView.swift in Sources */ = {isa = PBXBuildFile; fileRef = F8367C91274D3B8800480FD1 /* DetailView.swift */; };
		F8367C94274D3BF200480FD1 /* DetailViewModel.swift in Sources */ = {isa = PBXBuildFile; fileRef = F8367C93274D3BF200480FD1 /* DetailViewModel.swift */; };
		F85AC61A274E84EF00BF930F /* Mocks.swift in Sources */ = {isa = PBXBuildFile; fileRef = F85AC619274E84EF00BF930F /* Mocks.swift */; };
		F85AC61E274F8E6900BF930F /* View+extensions.swift in Sources */ = {isa = PBXBuildFile; fileRef = F85AC61D274F8E6900BF930F /* View+extensions.swift */; };
		F88A65582735530A004B12AB /* App.swift in Sources */ = {isa = PBXBuildFile; fileRef = F88A65572735530A004B12AB /* App.swift */; };
		F88A655C2735530A004B12AB /* Assets.xcassets in Resources */ = {isa = PBXBuildFile; fileRef = F88A655B2735530A004B12AB /* Assets.xcassets */; };
		F88A655F2735530A004B12AB /* Preview Assets.xcassets in Resources */ = {isa = PBXBuildFile; fileRef = F88A655E2735530A004B12AB /* Preview Assets.xcassets */; };
		F8B4A8E72923A32C006F21EF /* VerticalCardGrid.swift in Sources */ = {isa = PBXBuildFile; fileRef = F8B4A8E62923A32C006F21EF /* VerticalCardGrid.swift */; };
		F8CC15232914051600EB4BE1 /* FavoritesListView.swift in Sources */ = {isa = PBXBuildFile; fileRef = F8CC15222914051600EB4BE1 /* FavoritesListView.swift */; };
		F8CC15272914060900EB4BE1 /* FavoritesListViewModel.swift in Sources */ = {isa = PBXBuildFile; fileRef = F8CC15262914060900EB4BE1 /* FavoritesListViewModel.swift */; };
		F8CC152A291406F800EB4BE1 /* FavoritesListVo.swift in Sources */ = {isa = PBXBuildFile; fileRef = F8CC1529291406F800EB4BE1 /* FavoritesListVo.swift */; };
		F8CC152D2915317800EB4BE1 /* ReachabilityManager.swift in Sources */ = {isa = PBXBuildFile; fileRef = F8CC152C2915317800EB4BE1 /* ReachabilityManager.swift */; };
		F8CC152F29153B9900EB4BE1 /* MainView.swift in Sources */ = {isa = PBXBuildFile; fileRef = F8CC152E29153B9900EB4BE1 /* MainView.swift */; };
		F8CC153129153BB800EB4BE1 /* ConnectionStatusView.swift in Sources */ = {isa = PBXBuildFile; fileRef = F8CC153029153BB800EB4BE1 /* ConnectionStatusView.swift */; };
		F8CC153329153DD100EB4BE1 /* MainViewModel.swift in Sources */ = {isa = PBXBuildFile; fileRef = F8CC153229153DD100EB4BE1 /* MainViewModel.swift */; };
		F8CC1535291546D900EB4BE1 /* PokemonCell+Vo.swift in Sources */ = {isa = PBXBuildFile; fileRef = F8CC1534291546D900EB4BE1 /* PokemonCell+Vo.swift */; };
		F8CC15382915492F00EB4BE1 /* UserManager.swift in Sources */ = {isa = PBXBuildFile; fileRef = F8CC15372915492F00EB4BE1 /* UserManager.swift */; };
		F8CC153A2916526000EB4BE1 /* DetailVo.swift in Sources */ = {isa = PBXBuildFile; fileRef = F8CC15392916526000EB4BE1 /* DetailVo.swift */; };
		F8D0A4FE2912AF45006AA418 /* PokemonServices in Frameworks */ = {isa = PBXBuildFile; productRef = F8D0A4FD2912AF45006AA418 /* PokemonServices */; };
		F8D0A5102913BDC1006AA418 /* Userservices in Frameworks */ = {isa = PBXBuildFile; productRef = F8D0A50F2913BDC1006AA418 /* Userservices */; };
		F8D8293A29170ECA009B703D /* Array+reordeable.swift in Sources */ = {isa = PBXBuildFile; fileRef = F8D8293929170ECA009B703D /* Array+reordeable.swift */; };
		F8D8293C29170EEB009B703D /* Pokemon+reordeable.swift in Sources */ = {isa = PBXBuildFile; fileRef = F8D8293B29170EEB009B703D /* Pokemon+reordeable.swift */; };
/* End PBXBuildFile section */

/* Begin PBXFileReference section */
		F8367C83274BA28E00480FD1 /* ListView.swift */ = {isa = PBXFileReference; lastKnownFileType = sourcecode.swift; path = ListView.swift; sourceTree = "<group>"; };
		F8367C86274BA3D900480FD1 /* ListViewModel.swift */ = {isa = PBXFileReference; lastKnownFileType = sourcecode.swift; path = ListViewModel.swift; sourceTree = "<group>"; };
		F8367C88274BA8CA00480FD1 /* PokemonCell.swift */ = {isa = PBXFileReference; fileEncoding = 4; lastKnownFileType = sourcecode.swift; path = PokemonCell.swift; sourceTree = "<group>"; };
		F8367C8A274BA9A400480FD1 /* ListVo.swift */ = {isa = PBXFileReference; lastKnownFileType = sourcecode.swift; path = ListVo.swift; sourceTree = "<group>"; };
		F8367C8F274BED5200480FD1 /* Info.plist */ = {isa = PBXFileReference; lastKnownFileType = text.plist; path = Info.plist; sourceTree = "<group>"; };
		F8367C91274D3B8800480FD1 /* DetailView.swift */ = {isa = PBXFileReference; lastKnownFileType = sourcecode.swift; path = DetailView.swift; sourceTree = "<group>"; };
		F8367C93274D3BF200480FD1 /* DetailViewModel.swift */ = {isa = PBXFileReference; lastKnownFileType = sourcecode.swift; path = DetailViewModel.swift; sourceTree = "<group>"; };
		F85AC619274E84EF00BF930F /* Mocks.swift */ = {isa = PBXFileReference; lastKnownFileType = sourcecode.swift; path = Mocks.swift; sourceTree = "<group>"; };
		F85AC61D274F8E6900BF930F /* View+extensions.swift */ = {isa = PBXFileReference; lastKnownFileType = sourcecode.swift; path = "View+extensions.swift"; sourceTree = "<group>"; };
		F88A65542735530A004B12AB /* PokemonLand.app */ = {isa = PBXFileReference; explicitFileType = wrapper.application; includeInIndex = 0; path = PokemonLand.app; sourceTree = BUILT_PRODUCTS_DIR; };
		F88A65572735530A004B12AB /* App.swift */ = {isa = PBXFileReference; lastKnownFileType = sourcecode.swift; path = App.swift; sourceTree = "<group>"; };
		F88A655B2735530A004B12AB /* Assets.xcassets */ = {isa = PBXFileReference; lastKnownFileType = folder.assetcatalog; path = Assets.xcassets; sourceTree = "<group>"; };
		F88A655E2735530A004B12AB /* Preview Assets.xcassets */ = {isa = PBXFileReference; lastKnownFileType = folder.assetcatalog; path = "Preview Assets.xcassets"; sourceTree = "<group>"; };
		F89B7C6D2912982900E5B13D /* Package.swift */ = {isa = PBXFileReference; lastKnownFileType = sourcecode.swift; name = Package.swift; path = ../Modules/PokemonServices/Package.swift; sourceTree = "<group>"; };
		F8A77C7F27358CF1006755BF /* Staging.xcconfig */ = {isa = PBXFileReference; lastKnownFileType = text.xcconfig; path = Staging.xcconfig; sourceTree = "<group>"; };
		F8A77C8027358CFE006755BF /* Production.xcconfig */ = {isa = PBXFileReference; lastKnownFileType = text.xcconfig; path = Production.xcconfig; sourceTree = "<group>"; };
		F8B4A8E62923A32C006F21EF /* VerticalCardGrid.swift */ = {isa = PBXFileReference; lastKnownFileType = sourcecode.swift; path = VerticalCardGrid.swift; sourceTree = "<group>"; };
		F8CC15222914051600EB4BE1 /* FavoritesListView.swift */ = {isa = PBXFileReference; lastKnownFileType = sourcecode.swift; path = FavoritesListView.swift; sourceTree = "<group>"; };
		F8CC15262914060900EB4BE1 /* FavoritesListViewModel.swift */ = {isa = PBXFileReference; lastKnownFileType = sourcecode.swift; path = FavoritesListViewModel.swift; sourceTree = "<group>"; };
		F8CC1529291406F800EB4BE1 /* FavoritesListVo.swift */ = {isa = PBXFileReference; lastKnownFileType = sourcecode.swift; path = FavoritesListVo.swift; sourceTree = "<group>"; };
		F8CC152C2915317800EB4BE1 /* ReachabilityManager.swift */ = {isa = PBXFileReference; lastKnownFileType = sourcecode.swift; path = ReachabilityManager.swift; sourceTree = "<group>"; };
		F8CC152E29153B9900EB4BE1 /* MainView.swift */ = {isa = PBXFileReference; lastKnownFileType = sourcecode.swift; path = MainView.swift; sourceTree = "<group>"; };
		F8CC153029153BB800EB4BE1 /* ConnectionStatusView.swift */ = {isa = PBXFileReference; lastKnownFileType = sourcecode.swift; path = ConnectionStatusView.swift; sourceTree = "<group>"; };
		F8CC153229153DD100EB4BE1 /* MainViewModel.swift */ = {isa = PBXFileReference; lastKnownFileType = sourcecode.swift; path = MainViewModel.swift; sourceTree = "<group>"; };
		F8CC1534291546D900EB4BE1 /* PokemonCell+Vo.swift */ = {isa = PBXFileReference; lastKnownFileType = sourcecode.swift; path = "PokemonCell+Vo.swift"; sourceTree = "<group>"; };
		F8CC15372915492F00EB4BE1 /* UserManager.swift */ = {isa = PBXFileReference; lastKnownFileType = sourcecode.swift; path = UserManager.swift; sourceTree = "<group>"; };
		F8CC15392916526000EB4BE1 /* DetailVo.swift */ = {isa = PBXFileReference; lastKnownFileType = sourcecode.swift; path = DetailVo.swift; sourceTree = "<group>"; };
		F8D0A4F52912ABF1006AA418 /* PokemonServices */ = {isa = PBXFileReference; lastKnownFileType = wrapper; name = PokemonServices; path = ../Modules/PokemonServices; sourceTree = "<group>"; };
		F8D0A5092912B651006AA418 /* Userservices */ = {isa = PBXFileReference; lastKnownFileType = wrapper; name = Userservices; path = ../Modules/Userservices; sourceTree = "<group>"; };
		F8D8293929170ECA009B703D /* Array+reordeable.swift */ = {isa = PBXFileReference; lastKnownFileType = sourcecode.swift; path = "Array+reordeable.swift"; sourceTree = "<group>"; };
		F8D8293B29170EEB009B703D /* Pokemon+reordeable.swift */ = {isa = PBXFileReference; lastKnownFileType = sourcecode.swift; path = "Pokemon+reordeable.swift"; sourceTree = "<group>"; };
/* End PBXFileReference section */

/* Begin PBXFrameworksBuildPhase section */
		F88A65512735530A004B12AB /* Frameworks */ = {
			isa = PBXFrameworksBuildPhase;
			buildActionMask = 2147483647;
			files = (
				F8367C8E274BB94900480FD1 /* Kingfisher in Frameworks */,
				F8D0A5102913BDC1006AA418 /* Userservices in Frameworks */,
				F8D0A4FE2912AF45006AA418 /* PokemonServices in Frameworks */,
			);
			runOnlyForDeploymentPostprocessing = 0;
		};
/* End PBXFrameworksBuildPhase section */

/* Begin PBXGroup section */
		61BF06CC58E0E0A16E945329 /* Frameworks */ = {
			isa = PBXGroup;
			children = (
				F89B7C6D2912982900E5B13D /* Package.swift */,
			);
			name = Frameworks;
			sourceTree = "<group>";
		};
		F8367C82274BA21700480FD1 /* Resources */ = {
			isa = PBXGroup;
			children = (
				F8367C8F274BED5200480FD1 /* Info.plist */,
				F88A655B2735530A004B12AB /* Assets.xcassets */,
			);
			name = Resources;
			sourceTree = "<group>";
		};
		F8367C85274BA3CB00480FD1 /* ListScene */ = {
			isa = PBXGroup;
			children = (
				F8367C8A274BA9A400480FD1 /* ListVo.swift */,
				F8367C83274BA28E00480FD1 /* ListView.swift */,
				F8367C86274BA3D900480FD1 /* ListViewModel.swift */,
			);
			path = ListScene;
			sourceTree = "<group>";
		};
		F8367C90274D3B7400480FD1 /* DetailScene */ = {
			isa = PBXGroup;
			children = (
				F8CC15392916526000EB4BE1 /* DetailVo.swift */,
				F8367C91274D3B8800480FD1 /* DetailView.swift */,
				F8367C93274D3BF200480FD1 /* DetailViewModel.swift */,
			);
			path = DetailScene;
			sourceTree = "<group>";
		};
		F85AC618274E84E200BF930F /* DataMocks */ = {
			isa = PBXGroup;
			children = (
				F85AC619274E84EF00BF930F /* Mocks.swift */,
			);
			path = DataMocks;
			sourceTree = "<group>";
		};
		F85AC61B274F8E4E00BF930F /* App */ = {
			isa = PBXGroup;
			children = (
				F88A65572735530A004B12AB /* App.swift */,
			);
			path = App;
			sourceTree = "<group>";
		};
		F85AC61C274F8E5E00BF930F /* Extensions */ = {
			isa = PBXGroup;
			children = (
				F85AC61D274F8E6900BF930F /* View+extensions.swift */,
				F8D8293929170ECA009B703D /* Array+reordeable.swift */,
				F8D8293B29170EEB009B703D /* Pokemon+reordeable.swift */,
			);
			path = Extensions;
			sourceTree = "<group>";
		};
		F85AC61F274F8E8A00BF930F /* Scenes */ = {
			isa = PBXGroup;
			children = (
				F89A3AEB2916E66500FC5303 /* MainScene */,
				F8CC15212914050200EB4BE1 /* FavoritesScene */,
				F8367C85274BA3CB00480FD1 /* ListScene */,
				F8367C90274D3B7400480FD1 /* DetailScene */,
			);
			path = Scenes;
			sourceTree = "<group>";
		};
		F88A654B2735530A004B12AB = {
			isa = PBXGroup;
			children = (
				F88A65562735530A004B12AB /* PokemonLand */,
				F89B7C6E291298E900E5B13D /* Packages */,
				F88A65552735530A004B12AB /* Products */,
				61BF06CC58E0E0A16E945329 /* Frameworks */,
			);
			sourceTree = "<group>";
		};
		F88A65552735530A004B12AB /* Products */ = {
			isa = PBXGroup;
			children = (
				F88A65542735530A004B12AB /* PokemonLand.app */,
			);
			name = Products;
			sourceTree = "<group>";
		};
		F88A65562735530A004B12AB /* PokemonLand */ = {
			isa = PBXGroup;
			children = (
				F85AC61B274F8E4E00BF930F /* App */,
				F8A77C7D27358C65006755BF /* Configurations */,
				F85AC61F274F8E8A00BF930F /* Scenes */,
				F8CC152B2915316900EB4BE1 /* Managers */,
				F8CC15242914058200EB4BE1 /* Common */,
				F85AC61C274F8E5E00BF930F /* Extensions */,
				F8367C82274BA21700480FD1 /* Resources */,
				F85AC618274E84E200BF930F /* DataMocks */,
				F88A655D2735530A004B12AB /* Preview Content */,
			);
			path = PokemonLand;
			sourceTree = "<group>";
		};
		F88A655D2735530A004B12AB /* Preview Content */ = {
			isa = PBXGroup;
			children = (
				F88A655E2735530A004B12AB /* Preview Assets.xcassets */,
			);
			path = "Preview Content";
			sourceTree = "<group>";
		};
		F89A3AEB2916E66500FC5303 /* MainScene */ = {
			isa = PBXGroup;
			children = (
				F8CC153229153DD100EB4BE1 /* MainViewModel.swift */,
				F8CC152E29153B9900EB4BE1 /* MainView.swift */,
			);
			path = MainScene;
			sourceTree = "<group>";
		};
		F89B7C6E291298E900E5B13D /* Packages */ = {
			isa = PBXGroup;
			children = (
				F8D0A5092912B651006AA418 /* Userservices */,
				F8D0A4F52912ABF1006AA418 /* PokemonServices */,
			);
			name = Packages;
			sourceTree = "<group>";
		};
		F8A77C7D27358C65006755BF /* Configurations */ = {
			isa = PBXGroup;
			children = (
				F8A77C7F27358CF1006755BF /* Staging.xcconfig */,
				F8A77C8027358CFE006755BF /* Production.xcconfig */,
			);
			path = Configurations;
			sourceTree = "<group>";
		};
		F8CC15212914050200EB4BE1 /* FavoritesScene */ = {
			isa = PBXGroup;
			children = (
				F8CC1529291406F800EB4BE1 /* FavoritesListVo.swift */,
				F8CC15222914051600EB4BE1 /* FavoritesListView.swift */,
				F8CC15262914060900EB4BE1 /* FavoritesListViewModel.swift */,
			);
			path = FavoritesScene;
			sourceTree = "<group>";
		};
		F8CC15242914058200EB4BE1 /* Common */ = {
			isa = PBXGroup;
			children = (
				F8CC15252914058800EB4BE1 /* UI */,
			);
			path = Common;
			sourceTree = "<group>";
		};
		F8CC15252914058800EB4BE1 /* UI */ = {
			isa = PBXGroup;
			children = (
				F8CC15362915470600EB4BE1 /* PokemonCell */,
				F8CC153029153BB800EB4BE1 /* ConnectionStatusView.swift */,
				F8B4A8E62923A32C006F21EF /* VerticalCardGrid.swift */,
			);
			path = UI;
			sourceTree = "<group>";
		};
		F8CC152B2915316900EB4BE1 /* Managers */ = {
			isa = PBXGroup;
			children = (
				F8CC152C2915317800EB4BE1 /* ReachabilityManager.swift */,
				F8CC15372915492F00EB4BE1 /* UserManager.swift */,
			);
			path = Managers;
			sourceTree = "<group>";
		};
		F8CC15362915470600EB4BE1 /* PokemonCell */ = {
			isa = PBXGroup;
			children = (
				F8CC1534291546D900EB4BE1 /* PokemonCell+Vo.swift */,
				F8367C88274BA8CA00480FD1 /* PokemonCell.swift */,
			);
			path = PokemonCell;
			sourceTree = "<group>";
		};
/* End PBXGroup section */

/* Begin PBXNativeTarget section */
		F88A65532735530A004B12AB /* PokemonLand */ = {
			isa = PBXNativeTarget;
			buildConfigurationList = F88A65782735530B004B12AB /* Build configuration list for PBXNativeTarget "PokemonLand" */;
			buildPhases = (
				F88A65502735530A004B12AB /* Sources */,
				F88A65512735530A004B12AB /* Frameworks */,
				F88A65522735530A004B12AB /* Resources */,
			);
			buildRules = (
			);
			dependencies = (
			);
			name = PokemonLand;
			packageProductDependencies = (
				F8367C8D274BB94900480FD1 /* Kingfisher */,
				F8D0A4FD2912AF45006AA418 /* PokemonServices */,
				F8D0A50F2913BDC1006AA418 /* Userservices */,
			);
			productName = PokemonLand;
			productReference = F88A65542735530A004B12AB /* PokemonLand.app */;
			productType = "com.apple.product-type.application";
		};
/* End PBXNativeTarget section */

/* Begin PBXProject section */
		F88A654C2735530A004B12AB /* Project object */ = {
			isa = PBXProject;
			attributes = {
				BuildIndependentTargetsInParallel = 1;
				LastSwiftUpdateCheck = 1310;
				LastUpgradeCheck = 1310;
				TargetAttributes = {
					F88A65532735530A004B12AB = {
						CreatedOnToolsVersion = 13.1;
					};
				};
			};
			buildConfigurationList = F88A654F2735530A004B12AB /* Build configuration list for PBXProject "PokemonLand" */;
			compatibilityVersion = "Xcode 13.0";
			developmentRegion = en;
			hasScannedForEncodings = 0;
			knownRegions = (
				en,
				Base,
			);
			mainGroup = F88A654B2735530A004B12AB;
			packageReferences = (
				F8367C8C274BB94900480FD1 /* XCRemoteSwiftPackageReference "Kingfisher" */,
			);
			productRefGroup = F88A65552735530A004B12AB /* Products */;
			projectDirPath = "";
			projectRoot = "";
			targets = (
				F88A65532735530A004B12AB /* PokemonLand */,
			);
		};
/* End PBXProject section */

/* Begin PBXResourcesBuildPhase section */
		F88A65522735530A004B12AB /* Resources */ = {
			isa = PBXResourcesBuildPhase;
			buildActionMask = 2147483647;
			files = (
				F88A655F2735530A004B12AB /* Preview Assets.xcassets in Resources */,
				F88A655C2735530A004B12AB /* Assets.xcassets in Resources */,
			);
			runOnlyForDeploymentPostprocessing = 0;
		};
/* End PBXResourcesBuildPhase section */

/* Begin PBXSourcesBuildPhase section */
		F88A65502735530A004B12AB /* Sources */ = {
			isa = PBXSourcesBuildPhase;
			buildActionMask = 2147483647;
			files = (
				F8CC15382915492F00EB4BE1 /* UserManager.swift in Sources */,
				F8CC152D2915317800EB4BE1 /* ReachabilityManager.swift in Sources */,
				F8D8293C29170EEB009B703D /* Pokemon+reordeable.swift in Sources */,
				F8CC1535291546D900EB4BE1 /* PokemonCell+Vo.swift in Sources */,
				F8CC15232914051600EB4BE1 /* FavoritesListView.swift in Sources */,
				F8B4A8E72923A32C006F21EF /* VerticalCardGrid.swift in Sources */,
				F8D8293A29170ECA009B703D /* Array+reordeable.swift in Sources */,
				F8367C8B274BA9A400480FD1 /* ListVo.swift in Sources */,
				F8CC153A2916526000EB4BE1 /* DetailVo.swift in Sources */,
				F8367C92274D3B8800480FD1 /* DetailView.swift in Sources */,
				F8CC153129153BB800EB4BE1 /* ConnectionStatusView.swift in Sources */,
				F8367C94274D3BF200480FD1 /* DetailViewModel.swift in Sources */,
				F8CC152A291406F800EB4BE1 /* FavoritesListVo.swift in Sources */,
				F85AC61A274E84EF00BF930F /* Mocks.swift in Sources */,
				F8CC15272914060900EB4BE1 /* FavoritesListViewModel.swift in Sources */,
				F85AC61E274F8E6900BF930F /* View+extensions.swift in Sources */,
				F88A65582735530A004B12AB /* App.swift in Sources */,
				F8367C87274BA3DA00480FD1 /* ListViewModel.swift in Sources */,
				F8367C89274BA8CA00480FD1 /* PokemonCell.swift in Sources */,
				F8CC153329153DD100EB4BE1 /* MainViewModel.swift in Sources */,
				F8367C84274BA28E00480FD1 /* ListView.swift in Sources */,
				F8CC152F29153B9900EB4BE1 /* MainView.swift in Sources */,
			);
			runOnlyForDeploymentPostprocessing = 0;
		};
/* End PBXSourcesBuildPhase section */

/* Begin XCBuildConfiguration section */
		F834419927451CAD00E90EAD /* Debug - Production */ = {
			isa = XCBuildConfiguration;
			buildSettings = {
				ALWAYS_SEARCH_USER_PATHS = NO;
				CLANG_ANALYZER_NONNULL = YES;
				CLANG_ANALYZER_NUMBER_OBJECT_CONVERSION = YES_AGGRESSIVE;
				CLANG_CXX_LANGUAGE_STANDARD = "gnu++17";
				CLANG_CXX_LIBRARY = "libc++";
				CLANG_ENABLE_MODULES = YES;
				CLANG_ENABLE_OBJC_ARC = YES;
				CLANG_ENABLE_OBJC_WEAK = YES;
				CLANG_WARN_BLOCK_CAPTURE_AUTORELEASING = YES;
				CLANG_WARN_BOOL_CONVERSION = YES;
				CLANG_WARN_COMMA = YES;
				CLANG_WARN_CONSTANT_CONVERSION = YES;
				CLANG_WARN_DEPRECATED_OBJC_IMPLEMENTATIONS = YES;
				CLANG_WARN_DIRECT_OBJC_ISA_USAGE = YES_ERROR;
				CLANG_WARN_DOCUMENTATION_COMMENTS = YES;
				CLANG_WARN_EMPTY_BODY = YES;
				CLANG_WARN_ENUM_CONVERSION = YES;
				CLANG_WARN_INFINITE_RECURSION = YES;
				CLANG_WARN_INT_CONVERSION = YES;
				CLANG_WARN_NON_LITERAL_NULL_CONVERSION = YES;
				CLANG_WARN_OBJC_IMPLICIT_RETAIN_SELF = YES;
				CLANG_WARN_OBJC_LITERAL_CONVERSION = YES;
				CLANG_WARN_OBJC_ROOT_CLASS = YES_ERROR;
				CLANG_WARN_QUOTED_INCLUDE_IN_FRAMEWORK_HEADER = YES;
				CLANG_WARN_RANGE_LOOP_ANALYSIS = YES;
				CLANG_WARN_STRICT_PROTOTYPES = YES;
				CLANG_WARN_SUSPICIOUS_MOVE = YES;
				CLANG_WARN_UNGUARDED_AVAILABILITY = YES_AGGRESSIVE;
				CLANG_WARN_UNREACHABLE_CODE = YES;
				CLANG_WARN__DUPLICATE_METHOD_MATCH = YES;
				COPY_PHASE_STRIP = NO;
				DEBUG_INFORMATION_FORMAT = dwarf;
				ENABLE_STRICT_OBJC_MSGSEND = YES;
				ENABLE_TESTABILITY = YES;
				GCC_C_LANGUAGE_STANDARD = gnu11;
				GCC_DYNAMIC_NO_PIC = NO;
				GCC_NO_COMMON_BLOCKS = YES;
				GCC_OPTIMIZATION_LEVEL = 0;
				GCC_PREPROCESSOR_DEFINITIONS = (
					"DEBUG=1",
					"$(inherited)",
				);
				GCC_WARN_64_TO_32_BIT_CONVERSION = YES;
				GCC_WARN_ABOUT_RETURN_TYPE = YES_ERROR;
				GCC_WARN_UNDECLARED_SELECTOR = YES;
				GCC_WARN_UNINITIALIZED_AUTOS = YES_AGGRESSIVE;
				GCC_WARN_UNUSED_FUNCTION = YES;
				GCC_WARN_UNUSED_VARIABLE = YES;
				IPHONEOS_DEPLOYMENT_TARGET = 15.0;
				MTL_ENABLE_DEBUG_INFO = INCLUDE_SOURCE;
				MTL_FAST_MATH = YES;
				ONLY_ACTIVE_ARCH = YES;
				SDKROOT = iphoneos;
				SWIFT_ACTIVE_COMPILATION_CONDITIONS = DEBUG;
				SWIFT_OPTIMIZATION_LEVEL = "-Onone";
			};
			name = "Debug - Production";
		};
		F834419A27451CAD00E90EAD /* Debug - Production */ = {
			isa = XCBuildConfiguration;
			baseConfigurationReference = F8A77C8027358CFE006755BF /* Production.xcconfig */;
			buildSettings = {
				ASSETCATALOG_COMPILER_APPICON_NAME = AppIcon;
				ASSETCATALOG_COMPILER_GLOBAL_ACCENT_COLOR_NAME = AccentColor;
				CODE_SIGN_STYLE = Automatic;
				CURRENT_PROJECT_VERSION = 1;
				DEVELOPMENT_ASSET_PATHS = "\"PokemonLand/Preview Content\"";
				DEVELOPMENT_TEAM = LS8HYFSC3B;
				ENABLE_PREVIEWS = YES;
				GENERATE_INFOPLIST_FILE = YES;
				INFOPLIST_FILE = PokemonLand/Info.plist;
				INFOPLIST_KEY_UIApplicationSceneManifest_Generation = YES;
				INFOPLIST_KEY_UIApplicationSupportsIndirectInputEvents = YES;
				INFOPLIST_KEY_UILaunchScreen_Generation = YES;
				INFOPLIST_KEY_UISupportedInterfaceOrientations = UIInterfaceOrientationPortrait;
				IPHONEOS_DEPLOYMENT_TARGET = 16.0;
				LD_RUNPATH_SEARCH_PATHS = (
					"$(inherited)",
					"@executable_path/Frameworks",
				);
				MARKETING_VERSION = 1.0;
				PRODUCT_BUNDLE_IDENTIFIER = com.codilogico.PokemonLand;
				PRODUCT_NAME = "$(TARGET_NAME)";
				SUPPORTED_PLATFORMS = "iphoneos iphonesimulator";
				SUPPORTS_MACCATALYST = NO;
				SUPPORTS_MAC_DESIGNED_FOR_IPHONE_IPAD = YES;
				SWIFT_EMIT_LOC_STRINGS = YES;
				SWIFT_VERSION = 5.0;
				TARGETED_DEVICE_FAMILY = 1;
			};
			name = "Debug - Production";
		};
		F834419D27451CB600E90EAD /* Release - Production */ = {
			isa = XCBuildConfiguration;
			buildSettings = {
				ALWAYS_SEARCH_USER_PATHS = NO;
				CLANG_ANALYZER_NONNULL = YES;
				CLANG_ANALYZER_NUMBER_OBJECT_CONVERSION = YES_AGGRESSIVE;
				CLANG_CXX_LANGUAGE_STANDARD = "gnu++17";
				CLANG_CXX_LIBRARY = "libc++";
				CLANG_ENABLE_MODULES = YES;
				CLANG_ENABLE_OBJC_ARC = YES;
				CLANG_ENABLE_OBJC_WEAK = YES;
				CLANG_WARN_BLOCK_CAPTURE_AUTORELEASING = YES;
				CLANG_WARN_BOOL_CONVERSION = YES;
				CLANG_WARN_COMMA = YES;
				CLANG_WARN_CONSTANT_CONVERSION = YES;
				CLANG_WARN_DEPRECATED_OBJC_IMPLEMENTATIONS = YES;
				CLANG_WARN_DIRECT_OBJC_ISA_USAGE = YES_ERROR;
				CLANG_WARN_DOCUMENTATION_COMMENTS = YES;
				CLANG_WARN_EMPTY_BODY = YES;
				CLANG_WARN_ENUM_CONVERSION = YES;
				CLANG_WARN_INFINITE_RECURSION = YES;
				CLANG_WARN_INT_CONVERSION = YES;
				CLANG_WARN_NON_LITERAL_NULL_CONVERSION = YES;
				CLANG_WARN_OBJC_IMPLICIT_RETAIN_SELF = YES;
				CLANG_WARN_OBJC_LITERAL_CONVERSION = YES;
				CLANG_WARN_OBJC_ROOT_CLASS = YES_ERROR;
				CLANG_WARN_QUOTED_INCLUDE_IN_FRAMEWORK_HEADER = YES;
				CLANG_WARN_RANGE_LOOP_ANALYSIS = YES;
				CLANG_WARN_STRICT_PROTOTYPES = YES;
				CLANG_WARN_SUSPICIOUS_MOVE = YES;
				CLANG_WARN_UNGUARDED_AVAILABILITY = YES_AGGRESSIVE;
				CLANG_WARN_UNREACHABLE_CODE = YES;
				CLANG_WARN__DUPLICATE_METHOD_MATCH = YES;
				COPY_PHASE_STRIP = NO;
				DEBUG_INFORMATION_FORMAT = "dwarf-with-dsym";
				ENABLE_NS_ASSERTIONS = NO;
				ENABLE_STRICT_OBJC_MSGSEND = YES;
				GCC_C_LANGUAGE_STANDARD = gnu11;
				GCC_NO_COMMON_BLOCKS = YES;
				GCC_WARN_64_TO_32_BIT_CONVERSION = YES;
				GCC_WARN_ABOUT_RETURN_TYPE = YES_ERROR;
				GCC_WARN_UNDECLARED_SELECTOR = YES;
				GCC_WARN_UNINITIALIZED_AUTOS = YES_AGGRESSIVE;
				GCC_WARN_UNUSED_FUNCTION = YES;
				GCC_WARN_UNUSED_VARIABLE = YES;
				IPHONEOS_DEPLOYMENT_TARGET = 15.0;
				MTL_ENABLE_DEBUG_INFO = NO;
				MTL_FAST_MATH = YES;
				SDKROOT = iphoneos;
				SWIFT_COMPILATION_MODE = wholemodule;
				SWIFT_OPTIMIZATION_LEVEL = "-O";
				VALIDATE_PRODUCT = YES;
			};
			name = "Release - Production";
		};
		F834419E27451CB600E90EAD /* Release - Production */ = {
			isa = XCBuildConfiguration;
			baseConfigurationReference = F8A77C8027358CFE006755BF /* Production.xcconfig */;
			buildSettings = {
				ASSETCATALOG_COMPILER_APPICON_NAME = AppIcon;
				ASSETCATALOG_COMPILER_GLOBAL_ACCENT_COLOR_NAME = AccentColor;
				CODE_SIGN_STYLE = Automatic;
				CURRENT_PROJECT_VERSION = 1;
				DEVELOPMENT_ASSET_PATHS = "\"PokemonLand/Preview Content\"";
				DEVELOPMENT_TEAM = LS8HYFSC3B;
				ENABLE_PREVIEWS = YES;
				GENERATE_INFOPLIST_FILE = YES;
				INFOPLIST_FILE = PokemonLand/Info.plist;
				INFOPLIST_KEY_UIApplicationSceneManifest_Generation = YES;
				INFOPLIST_KEY_UIApplicationSupportsIndirectInputEvents = YES;
				INFOPLIST_KEY_UILaunchScreen_Generation = YES;
				INFOPLIST_KEY_UISupportedInterfaceOrientations = UIInterfaceOrientationPortrait;
				IPHONEOS_DEPLOYMENT_TARGET = 16.0;
				LD_RUNPATH_SEARCH_PATHS = (
					"$(inherited)",
					"@executable_path/Frameworks",
				);
				MARKETING_VERSION = 1.0;
				PRODUCT_BUNDLE_IDENTIFIER = com.codilogico.PokemonLand;
				PRODUCT_NAME = "$(TARGET_NAME)";
				SUPPORTED_PLATFORMS = "iphoneos iphonesimulator";
				SUPPORTS_MACCATALYST = NO;
				SUPPORTS_MAC_DESIGNED_FOR_IPHONE_IPAD = YES;
				SWIFT_EMIT_LOC_STRINGS = YES;
				SWIFT_VERSION = 5.0;
				TARGETED_DEVICE_FAMILY = 1;
			};
			name = "Release - Production";
		};
		F88A65762735530B004B12AB /* Debug - Staging */ = {
			isa = XCBuildConfiguration;
			buildSettings = {
				ALWAYS_SEARCH_USER_PATHS = NO;
				CLANG_ANALYZER_NONNULL = YES;
				CLANG_ANALYZER_NUMBER_OBJECT_CONVERSION = YES_AGGRESSIVE;
				CLANG_CXX_LANGUAGE_STANDARD = "gnu++17";
				CLANG_CXX_LIBRARY = "libc++";
				CLANG_ENABLE_MODULES = YES;
				CLANG_ENABLE_OBJC_ARC = YES;
				CLANG_ENABLE_OBJC_WEAK = YES;
				CLANG_WARN_BLOCK_CAPTURE_AUTORELEASING = YES;
				CLANG_WARN_BOOL_CONVERSION = YES;
				CLANG_WARN_COMMA = YES;
				CLANG_WARN_CONSTANT_CONVERSION = YES;
				CLANG_WARN_DEPRECATED_OBJC_IMPLEMENTATIONS = YES;
				CLANG_WARN_DIRECT_OBJC_ISA_USAGE = YES_ERROR;
				CLANG_WARN_DOCUMENTATION_COMMENTS = YES;
				CLANG_WARN_EMPTY_BODY = YES;
				CLANG_WARN_ENUM_CONVERSION = YES;
				CLANG_WARN_INFINITE_RECURSION = YES;
				CLANG_WARN_INT_CONVERSION = YES;
				CLANG_WARN_NON_LITERAL_NULL_CONVERSION = YES;
				CLANG_WARN_OBJC_IMPLICIT_RETAIN_SELF = YES;
				CLANG_WARN_OBJC_LITERAL_CONVERSION = YES;
				CLANG_WARN_OBJC_ROOT_CLASS = YES_ERROR;
				CLANG_WARN_QUOTED_INCLUDE_IN_FRAMEWORK_HEADER = YES;
				CLANG_WARN_RANGE_LOOP_ANALYSIS = YES;
				CLANG_WARN_STRICT_PROTOTYPES = YES;
				CLANG_WARN_SUSPICIOUS_MOVE = YES;
				CLANG_WARN_UNGUARDED_AVAILABILITY = YES_AGGRESSIVE;
				CLANG_WARN_UNREACHABLE_CODE = YES;
				CLANG_WARN__DUPLICATE_METHOD_MATCH = YES;
				COPY_PHASE_STRIP = NO;
				DEBUG_INFORMATION_FORMAT = dwarf;
				ENABLE_STRICT_OBJC_MSGSEND = YES;
				ENABLE_TESTABILITY = YES;
				GCC_C_LANGUAGE_STANDARD = gnu11;
				GCC_DYNAMIC_NO_PIC = NO;
				GCC_NO_COMMON_BLOCKS = YES;
				GCC_OPTIMIZATION_LEVEL = 0;
				GCC_PREPROCESSOR_DEFINITIONS = (
					"DEBUG=1",
					"$(inherited)",
				);
				GCC_WARN_64_TO_32_BIT_CONVERSION = YES;
				GCC_WARN_ABOUT_RETURN_TYPE = YES_ERROR;
				GCC_WARN_UNDECLARED_SELECTOR = YES;
				GCC_WARN_UNINITIALIZED_AUTOS = YES_AGGRESSIVE;
				GCC_WARN_UNUSED_FUNCTION = YES;
				GCC_WARN_UNUSED_VARIABLE = YES;
				IPHONEOS_DEPLOYMENT_TARGET = 15.0;
				MTL_ENABLE_DEBUG_INFO = INCLUDE_SOURCE;
				MTL_FAST_MATH = YES;
				ONLY_ACTIVE_ARCH = YES;
				SDKROOT = iphoneos;
				SWIFT_ACTIVE_COMPILATION_CONDITIONS = DEBUG;
				SWIFT_OPTIMIZATION_LEVEL = "-Onone";
			};
			name = "Debug - Staging";
		};
		F88A65772735530B004B12AB /* Release - Staging */ = {
			isa = XCBuildConfiguration;
			buildSettings = {
				ALWAYS_SEARCH_USER_PATHS = NO;
				CLANG_ANALYZER_NONNULL = YES;
				CLANG_ANALYZER_NUMBER_OBJECT_CONVERSION = YES_AGGRESSIVE;
				CLANG_CXX_LANGUAGE_STANDARD = "gnu++17";
				CLANG_CXX_LIBRARY = "libc++";
				CLANG_ENABLE_MODULES = YES;
				CLANG_ENABLE_OBJC_ARC = YES;
				CLANG_ENABLE_OBJC_WEAK = YES;
				CLANG_WARN_BLOCK_CAPTURE_AUTORELEASING = YES;
				CLANG_WARN_BOOL_CONVERSION = YES;
				CLANG_WARN_COMMA = YES;
				CLANG_WARN_CONSTANT_CONVERSION = YES;
				CLANG_WARN_DEPRECATED_OBJC_IMPLEMENTATIONS = YES;
				CLANG_WARN_DIRECT_OBJC_ISA_USAGE = YES_ERROR;
				CLANG_WARN_DOCUMENTATION_COMMENTS = YES;
				CLANG_WARN_EMPTY_BODY = YES;
				CLANG_WARN_ENUM_CONVERSION = YES;
				CLANG_WARN_INFINITE_RECURSION = YES;
				CLANG_WARN_INT_CONVERSION = YES;
				CLANG_WARN_NON_LITERAL_NULL_CONVERSION = YES;
				CLANG_WARN_OBJC_IMPLICIT_RETAIN_SELF = YES;
				CLANG_WARN_OBJC_LITERAL_CONVERSION = YES;
				CLANG_WARN_OBJC_ROOT_CLASS = YES_ERROR;
				CLANG_WARN_QUOTED_INCLUDE_IN_FRAMEWORK_HEADER = YES;
				CLANG_WARN_RANGE_LOOP_ANALYSIS = YES;
				CLANG_WARN_STRICT_PROTOTYPES = YES;
				CLANG_WARN_SUSPICIOUS_MOVE = YES;
				CLANG_WARN_UNGUARDED_AVAILABILITY = YES_AGGRESSIVE;
				CLANG_WARN_UNREACHABLE_CODE = YES;
				CLANG_WARN__DUPLICATE_METHOD_MATCH = YES;
				COPY_PHASE_STRIP = NO;
				DEBUG_INFORMATION_FORMAT = "dwarf-with-dsym";
				ENABLE_NS_ASSERTIONS = NO;
				ENABLE_STRICT_OBJC_MSGSEND = YES;
				GCC_C_LANGUAGE_STANDARD = gnu11;
				GCC_NO_COMMON_BLOCKS = YES;
				GCC_WARN_64_TO_32_BIT_CONVERSION = YES;
				GCC_WARN_ABOUT_RETURN_TYPE = YES_ERROR;
				GCC_WARN_UNDECLARED_SELECTOR = YES;
				GCC_WARN_UNINITIALIZED_AUTOS = YES_AGGRESSIVE;
				GCC_WARN_UNUSED_FUNCTION = YES;
				GCC_WARN_UNUSED_VARIABLE = YES;
				IPHONEOS_DEPLOYMENT_TARGET = 15.0;
				MTL_ENABLE_DEBUG_INFO = NO;
				MTL_FAST_MATH = YES;
				SDKROOT = iphoneos;
				SWIFT_COMPILATION_MODE = wholemodule;
				SWIFT_OPTIMIZATION_LEVEL = "-O";
				VALIDATE_PRODUCT = YES;
			};
			name = "Release - Staging";
		};
		F88A65792735530B004B12AB /* Debug - Staging */ = {
			isa = XCBuildConfiguration;
			baseConfigurationReference = F8A77C7F27358CF1006755BF /* Staging.xcconfig */;
			buildSettings = {
				ASSETCATALOG_COMPILER_APPICON_NAME = AppIcon;
				ASSETCATALOG_COMPILER_GLOBAL_ACCENT_COLOR_NAME = AccentColor;
				CODE_SIGN_STYLE = Automatic;
				CURRENT_PROJECT_VERSION = 1;
				DEVELOPMENT_ASSET_PATHS = "\"PokemonLand/Preview Content\"";
				DEVELOPMENT_TEAM = LS8HYFSC3B;
				ENABLE_PREVIEWS = YES;
				GENERATE_INFOPLIST_FILE = YES;
				INFOPLIST_FILE = PokemonLand/Info.plist;
				INFOPLIST_KEY_UIApplicationSceneManifest_Generation = YES;
				INFOPLIST_KEY_UIApplicationSupportsIndirectInputEvents = YES;
				INFOPLIST_KEY_UILaunchScreen_Generation = YES;
				INFOPLIST_KEY_UISupportedInterfaceOrientations = UIInterfaceOrientationPortrait;
				IPHONEOS_DEPLOYMENT_TARGET = 16.0;
				LD_RUNPATH_SEARCH_PATHS = (
					"$(inherited)",
					"@executable_path/Frameworks",
				);
				MARKETING_VERSION = 1.0;
				PRODUCT_BUNDLE_IDENTIFIER = com.codilogico.PokemonLand;
				PRODUCT_NAME = "$(TARGET_NAME)";
				SUPPORTED_PLATFORMS = "iphoneos iphonesimulator";
				SUPPORTS_MACCATALYST = NO;
				SUPPORTS_MAC_DESIGNED_FOR_IPHONE_IPAD = YES;
				SWIFT_EMIT_LOC_STRINGS = YES;
				SWIFT_VERSION = 5.0;
				TARGETED_DEVICE_FAMILY = 1;
			};
			name = "Debug - Staging";
		};
		F88A657A2735530B004B12AB /* Release - Staging */ = {
			isa = XCBuildConfiguration;
			baseConfigurationReference = F8A77C7F27358CF1006755BF /* Staging.xcconfig */;
			buildSettings = {
				ASSETCATALOG_COMPILER_APPICON_NAME = AppIcon;
				ASSETCATALOG_COMPILER_GLOBAL_ACCENT_COLOR_NAME = AccentColor;
				CODE_SIGN_STYLE = Automatic;
				CURRENT_PROJECT_VERSION = 1;
				DEVELOPMENT_ASSET_PATHS = "\"PokemonLand/Preview Content\"";
				DEVELOPMENT_TEAM = LS8HYFSC3B;
				ENABLE_PREVIEWS = YES;
				GENERATE_INFOPLIST_FILE = YES;
				INFOPLIST_FILE = PokemonLand/Info.plist;
				INFOPLIST_KEY_UIApplicationSceneManifest_Generation = YES;
				INFOPLIST_KEY_UIApplicationSupportsIndirectInputEvents = YES;
				INFOPLIST_KEY_UILaunchScreen_Generation = YES;
				INFOPLIST_KEY_UISupportedInterfaceOrientations = UIInterfaceOrientationPortrait;
				IPHONEOS_DEPLOYMENT_TARGET = 16.0;
				LD_RUNPATH_SEARCH_PATHS = (
					"$(inherited)",
					"@executable_path/Frameworks",
				);
				MARKETING_VERSION = 1.0;
				PRODUCT_BUNDLE_IDENTIFIER = com.codilogico.PokemonLand;
				PRODUCT_NAME = "$(TARGET_NAME)";
				SUPPORTED_PLATFORMS = "iphoneos iphonesimulator";
				SUPPORTS_MACCATALYST = NO;
				SUPPORTS_MAC_DESIGNED_FOR_IPHONE_IPAD = YES;
				SWIFT_EMIT_LOC_STRINGS = YES;
				SWIFT_VERSION = 5.0;
				TARGETED_DEVICE_FAMILY = 1;
			};
			name = "Release - Staging";
		};
/* End XCBuildConfiguration section */

/* Begin XCConfigurationList section */
		F88A654F2735530A004B12AB /* Build configuration list for PBXProject "PokemonLand" */ = {
			isa = XCConfigurationList;
			buildConfigurations = (
				F88A65762735530B004B12AB /* Debug - Staging */,
				F834419927451CAD00E90EAD /* Debug - Production */,
				F88A65772735530B004B12AB /* Release - Staging */,
				F834419D27451CB600E90EAD /* Release - Production */,
			);
			defaultConfigurationIsVisible = 0;
			defaultConfigurationName = "Debug - Staging";
		};
		F88A65782735530B004B12AB /* Build configuration list for PBXNativeTarget "PokemonLand" */ = {
			isa = XCConfigurationList;
			buildConfigurations = (
				F88A65792735530B004B12AB /* Debug - Staging */,
				F834419A27451CAD00E90EAD /* Debug - Production */,
				F88A657A2735530B004B12AB /* Release - Staging */,
				F834419E27451CB600E90EAD /* Release - Production */,
			);
			defaultConfigurationIsVisible = 0;
			defaultConfigurationName = "Debug - Staging";
		};
/* End XCConfigurationList section */

/* Begin XCRemoteSwiftPackageReference section */
		F8367C8C274BB94900480FD1 /* XCRemoteSwiftPackageReference "Kingfisher" */ = {
			isa = XCRemoteSwiftPackageReference;
			repositoryURL = "https://github.com/onevcat/Kingfisher.git";
			requirement = {
				branch = master;
				kind = branch;
			};
		};
/* End XCRemoteSwiftPackageReference section */

/* Begin XCSwiftPackageProductDependency section */
		F8367C8D274BB94900480FD1 /* Kingfisher */ = {
			isa = XCSwiftPackageProductDependency;
			package = F8367C8C274BB94900480FD1 /* XCRemoteSwiftPackageReference "Kingfisher" */;
			productName = Kingfisher;
		};
		F8D0A4FD2912AF45006AA418 /* PokemonServices */ = {
			isa = XCSwiftPackageProductDependency;
			productName = PokemonServices;
		};
		F8D0A50F2913BDC1006AA418 /* Userservices */ = {
			isa = XCSwiftPackageProductDependency;
			productName = Userservices;
		};
/* End XCSwiftPackageProductDependency section */
	};
	rootObject = F88A654C2735530A004B12AB /* Project object */;
}
